// !$*UTF8*$!
{
	archiveVersion = 1;
	classes = {
	};
	objectVersion = 55;
	objects = {

/* Begin PBXBuildFile section */
		418A6AFF28643401002EA74F /* AppDelegate.swift in Sources */ = {isa = PBXBuildFile; fileRef = 418A6AFE28643401002EA74F /* AppDelegate.swift */; };
		418A6B0128643401002EA74F /* SceneDelegate.swift in Sources */ = {isa = PBXBuildFile; fileRef = 418A6B0028643401002EA74F /* SceneDelegate.swift */; };
		418A6B0328643401002EA74F /* ViewController.swift in Sources */ = {isa = PBXBuildFile; fileRef = 418A6B0228643401002EA74F /* ViewController.swift */; };
		418A6B0628643401002EA74F /* Main.storyboard in Resources */ = {isa = PBXBuildFile; fileRef = 418A6B0428643401002EA74F /* Main.storyboard */; };
		418A6B0828643406002EA74F /* Assets.xcassets in Resources */ = {isa = PBXBuildFile; fileRef = 418A6B0728643406002EA74F /* Assets.xcassets */; };
		418A6B0B28643406002EA74F /* LaunchScreen.storyboard in Resources */ = {isa = PBXBuildFile; fileRef = 418A6B0928643406002EA74F /* LaunchScreen.storyboard */; };
		418A6B1628643406002EA74F /* Week3PracticeTests.swift in Sources */ = {isa = PBXBuildFile; fileRef = 418A6B1528643406002EA74F /* Week3PracticeTests.swift */; };
		418A6B2028643406002EA74F /* Week3PracticeUITests.swift in Sources */ = {isa = PBXBuildFile; fileRef = 418A6B1F28643406002EA74F /* Week3PracticeUITests.swift */; };
		418A6B2228643406002EA74F /* Week3PracticeUITestsLaunchTests.swift in Sources */ = {isa = PBXBuildFile; fileRef = 418A6B2128643406002EA74F /* Week3PracticeUITestsLaunchTests.swift */; };
		418A6B3128644F03002EA74F /* FriendData.swift in Sources */ = {isa = PBXBuildFile; fileRef = 418A6B3028644F03002EA74F /* FriendData.swift */; };
		418A6B34286450C0002EA74F /* FriendTableViewCell.swift in Sources */ = {isa = PBXBuildFile; fileRef = 418A6B32286450C0002EA74F /* FriendTableViewCell.swift */; };
		418A6B35286450C0002EA74F /* FriendTableViewCell.xib in Resources */ = {isa = PBXBuildFile; fileRef = 418A6B33286450C0002EA74F /* FriendTableViewCell.xib */; };
/* End PBXBuildFile section */

/* Begin PBXContainerItemProxy section */
		418A6B1228643406002EA74F /* PBXContainerItemProxy */ = {
			isa = PBXContainerItemProxy;
			containerPortal = 418A6AF328643401002EA74F /* Project object */;
			proxyType = 1;
			remoteGlobalIDString = 418A6AFA28643401002EA74F;
			remoteInfo = Week3Practice;
		};
		418A6B1C28643406002EA74F /* PBXContainerItemProxy */ = {
			isa = PBXContainerItemProxy;
			containerPortal = 418A6AF328643401002EA74F /* Project object */;
			proxyType = 1;
			remoteGlobalIDString = 418A6AFA28643401002EA74F;
			remoteInfo = Week3Practice;
		};
/* End PBXContainerItemProxy section */

/* Begin PBXFileReference section */
		418A6AFB28643401002EA74F /* Week3Practice.app */ = {isa = PBXFileReference; explicitFileType = wrapper.application; includeInIndex = 0; path = Week3Practice.app; sourceTree = BUILT_PRODUCTS_DIR; };
		418A6AFE28643401002EA74F /* AppDelegate.swift */ = {isa = PBXFileReference; lastKnownFileType = sourcecode.swift; path = AppDelegate.swift; sourceTree = "<group>"; };
		418A6B0028643401002EA74F /* SceneDelegate.swift */ = {isa = PBXFileReference; lastKnownFileType = sourcecode.swift; path = SceneDelegate.swift; sourceTree = "<group>"; };
		418A6B0228643401002EA74F /* ViewController.swift */ = {isa = PBXFileReference; lastKnownFileType = sourcecode.swift; path = ViewController.swift; sourceTree = "<group>"; };
		418A6B0528643401002EA74F /* Base */ = {isa = PBXFileReference; lastKnownFileType = file.storyboard; name = Base; path = Base.lproj/Main.storyboard; sourceTree = "<group>"; };
		418A6B0728643406002EA74F /* Assets.xcassets */ = {isa = PBXFileReference; lastKnownFileType = folder.assetcatalog; path = Assets.xcassets; sourceTree = "<group>"; };
		418A6B0A28643406002EA74F /* Base */ = {isa = PBXFileReference; lastKnownFileType = file.storyboard; name = Base; path = Base.lproj/LaunchScreen.storyboard; sourceTree = "<group>"; };
		418A6B0C28643406002EA74F /* Info.plist */ = {isa = PBXFileReference; lastKnownFileType = text.plist.xml; path = Info.plist; sourceTree = "<group>"; };
		418A6B1128643406002EA74F /* Week3PracticeTests.xctest */ = {isa = PBXFileReference; explicitFileType = wrapper.cfbundle; includeInIndex = 0; path = Week3PracticeTests.xctest; sourceTree = BUILT_PRODUCTS_DIR; };
		418A6B1528643406002EA74F /* Week3PracticeTests.swift */ = {isa = PBXFileReference; lastKnownFileType = sourcecode.swift; path = Week3PracticeTests.swift; sourceTree = "<group>"; };
		418A6B1B28643406002EA74F /* Week3PracticeUITests.xctest */ = {isa = PBXFileReference; explicitFileType = wrapper.cfbundle; includeInIndex = 0; path = Week3PracticeUITests.xctest; sourceTree = BUILT_PRODUCTS_DIR; };
		418A6B1F28643406002EA74F /* Week3PracticeUITests.swift */ = {isa = PBXFileReference; lastKnownFileType = sourcecode.swift; path = Week3PracticeUITests.swift; sourceTree = "<group>"; };
		418A6B2128643406002EA74F /* Week3PracticeUITestsLaunchTests.swift */ = {isa = PBXFileReference; lastKnownFileType = sourcecode.swift; path = Week3PracticeUITestsLaunchTests.swift; sourceTree = "<group>"; };
		418A6B3028644F03002EA74F /* FriendData.swift */ = {isa = PBXFileReference; lastKnownFileType = sourcecode.swift; path = FriendData.swift; sourceTree = "<group>"; };
		418A6B32286450C0002EA74F /* FriendTableViewCell.swift */ = {isa = PBXFileReference; lastKnownFileType = sourcecode.swift; path = FriendTableViewCell.swift; sourceTree = "<group>"; };
		418A6B33286450C0002EA74F /* FriendTableViewCell.xib */ = {isa = PBXFileReference; lastKnownFileType = file.xib; path = FriendTableViewCell.xib; sourceTree = "<group>"; };
/* End PBXFileReference section */

/* Begin PBXFrameworksBuildPhase section */
		418A6AF828643401002EA74F /* Frameworks */ = {
			isa = PBXFrameworksBuildPhase;
			buildActionMask = 2147483647;
			files = (
			);
			runOnlyForDeploymentPostprocessing = 0;
		};
		418A6B0E28643406002EA74F /* Frameworks */ = {
			isa = PBXFrameworksBuildPhase;
			buildActionMask = 2147483647;
			files = (
			);
			runOnlyForDeploymentPostprocessing = 0;
		};
		418A6B1828643406002EA74F /* Frameworks */ = {
			isa = PBXFrameworksBuildPhase;
			buildActionMask = 2147483647;
			files = (
			);
			runOnlyForDeploymentPostprocessing = 0;
		};
/* End PBXFrameworksBuildPhase section */

/* Begin PBXGroup section */
		418A6AF228643401002EA74F = {
			isa = PBXGroup;
			children = (
				418A6AFD28643401002EA74F /* Week3Practice */,
				418A6B1428643406002EA74F /* Week3PracticeTests */,
				418A6B1E28643406002EA74F /* Week3PracticeUITests */,
				418A6AFC28643401002EA74F /* Products */,
			);
			sourceTree = "<group>";
		};
		418A6AFC28643401002EA74F /* Products */ = {
			isa = PBXGroup;
			children = (
				418A6AFB28643401002EA74F /* Week3Practice.app */,
				418A6B1128643406002EA74F /* Week3PracticeTests.xctest */,
				418A6B1B28643406002EA74F /* Week3PracticeUITests.xctest */,
			);
			name = Products;
			sourceTree = "<group>";
		};
		418A6AFD28643401002EA74F /* Week3Practice */ = {
			isa = PBXGroup;
			children = (
				418A6AFE28643401002EA74F /* AppDelegate.swift */,
				418A6B0028643401002EA74F /* SceneDelegate.swift */,
				418A6B0228643401002EA74F /* ViewController.swift */,
				418A6B3028644F03002EA74F /* FriendData.swift */,
				418A6B32286450C0002EA74F /* FriendTableViewCell.swift */,
				418A6B33286450C0002EA74F /* FriendTableViewCell.xib */,
				418A6B0428643401002EA74F /* Main.storyboard */,
				418A6B0728643406002EA74F /* Assets.xcassets */,
				418A6B0928643406002EA74F /* LaunchScreen.storyboard */,
				418A6B0C28643406002EA74F /* Info.plist */,
			);
			path = Week3Practice;
			sourceTree = "<group>";
		};
		418A6B1428643406002EA74F /* Week3PracticeTests */ = {
			isa = PBXGroup;
			children = (
				418A6B1528643406002EA74F /* Week3PracticeTests.swift */,
			);
			path = Week3PracticeTests;
			sourceTree = "<group>";
		};
		418A6B1E28643406002EA74F /* Week3PracticeUITests */ = {
			isa = PBXGroup;
			children = (
				418A6B1F28643406002EA74F /* Week3PracticeUITests.swift */,
				418A6B2128643406002EA74F /* Week3PracticeUITestsLaunchTests.swift */,
			);
			path = Week3PracticeUITests;
			sourceTree = "<group>";
		};
/* End PBXGroup section */

/* Begin PBXNativeTarget section */
		418A6AFA28643401002EA74F /* Week3Practice */ = {
			isa = PBXNativeTarget;
			buildConfigurationList = 418A6B2528643406002EA74F /* Build configuration list for PBXNativeTarget "Week3Practice" */;
			buildPhases = (
				418A6AF728643401002EA74F /* Sources */,
				418A6AF828643401002EA74F /* Frameworks */,
				418A6AF928643401002EA74F /* Resources */,
			);
			buildRules = (
			);
			dependencies = (
			);
			name = Week3Practice;
			productName = Week3Practice;
			productReference = 418A6AFB28643401002EA74F /* Week3Practice.app */;
			productType = "com.apple.product-type.application";
		};
		418A6B1028643406002EA74F /* Week3PracticeTests */ = {
			isa = PBXNativeTarget;
			buildConfigurationList = 418A6B2828643406002EA74F /* Build configuration list for PBXNativeTarget "Week3PracticeTests" */;
			buildPhases = (
				418A6B0D28643406002EA74F /* Sources */,
				418A6B0E28643406002EA74F /* Frameworks */,
				418A6B0F28643406002EA74F /* Resources */,
			);
			buildRules = (
			);
			dependencies = (
				418A6B1328643406002EA74F /* PBXTargetDependency */,
			);
			name = Week3PracticeTests;
			productName = Week3PracticeTests;
			productReference = 418A6B1128643406002EA74F /* Week3PracticeTests.xctest */;
			productType = "com.apple.product-type.bundle.unit-test";
		};
		418A6B1A28643406002EA74F /* Week3PracticeUITests */ = {
			isa = PBXNativeTarget;
			buildConfigurationList = 418A6B2B28643406002EA74F /* Build configuration list for PBXNativeTarget "Week3PracticeUITests" */;
			buildPhases = (
				418A6B1728643406002EA74F /* Sources */,
				418A6B1828643406002EA74F /* Frameworks */,
				418A6B1928643406002EA74F /* Resources */,
			);
			buildRules = (
			);
			dependencies = (
				418A6B1D28643406002EA74F /* PBXTargetDependency */,
			);
			name = Week3PracticeUITests;
			productName = Week3PracticeUITests;
			productReference = 418A6B1B28643406002EA74F /* Week3PracticeUITests.xctest */;
			productType = "com.apple.product-type.bundle.ui-testing";
		};
/* End PBXNativeTarget section */

/* Begin PBXProject section */
		418A6AF328643401002EA74F /* Project object */ = {
			isa = PBXProject;
			attributes = {
				BuildIndependentTargetsInParallel = 1;
				LastSwiftUpdateCheck = 1340;
				LastUpgradeCheck = 1340;
				TargetAttributes = {
					418A6AFA28643401002EA74F = {
						CreatedOnToolsVersion = 13.4.1;
					};
					418A6B1028643406002EA74F = {
						CreatedOnToolsVersion = 13.4.1;
						TestTargetID = 418A6AFA28643401002EA74F;
					};
					418A6B1A28643406002EA74F = {
						CreatedOnToolsVersion = 13.4.1;
						TestTargetID = 418A6AFA28643401002EA74F;
					};
				};
			};
			buildConfigurationList = 418A6AF628643401002EA74F /* Build configuration list for PBXProject "Week3Practice" */;
			compatibilityVersion = "Xcode 13.0";
			developmentRegion = en;
			hasScannedForEncodings = 0;
			knownRegions = (
				en,
				Base,
			);
			mainGroup = 418A6AF228643401002EA74F;
			productRefGroup = 418A6AFC28643401002EA74F /* Products */;
			projectDirPath = "";
			projectRoot = "";
			targets = (
				418A6AFA28643401002EA74F /* Week3Practice */,
				418A6B1028643406002EA74F /* Week3PracticeTests */,
				418A6B1A28643406002EA74F /* Week3PracticeUITests */,
			);
		};
/* End PBXProject section */

/* Begin PBXResourcesBuildPhase section */
		418A6AF928643401002EA74F /* Resources */ = {
			isa = PBXResourcesBuildPhase;
			buildActionMask = 2147483647;
			files = (
				418A6B0B28643406002EA74F /* LaunchScreen.storyboard in Resources */,
				418A6B0828643406002EA74F /* Assets.xcassets in Resources */,
				418A6B0628643401002EA74F /* Main.storyboard in Resources */,
				418A6B35286450C0002EA74F /* FriendTableViewCell.xib in Resources */,
			);
			runOnlyForDeploymentPostprocessing = 0;
		};
		418A6B0F28643406002EA74F /* Resources */ = {
			isa = PBXResourcesBuildPhase;
			buildActionMask = 2147483647;
			files = (
			);
			runOnlyForDeploymentPostprocessing = 0;
		};
		418A6B1928643406002EA74F /* Resources */ = {
			isa = PBXResourcesBuildPhase;
			buildActionMask = 2147483647;
			files = (
			);
			runOnlyForDeploymentPostprocessing = 0;
		};
/* End PBXResourcesBuildPhase section */

/* Begin PBXSourcesBuildPhase section */
		418A6AF728643401002EA74F /* Sources */ = {
			isa = PBXSourcesBuildPhase;
			buildActionMask = 2147483647;
			files = (
				418A6B3128644F03002EA74F /* FriendData.swift in Sources */,
				418A6B0328643401002EA74F /* ViewController.swift in Sources */,
				418A6B34286450C0002EA74F /* FriendTableViewCell.swift in Sources */,
				418A6AFF28643401002EA74F /* AppDelegate.swift in Sources */,
				418A6B0128643401002EA74F /* SceneDelegate.swift in Sources */,
			);
			runOnlyForDeploymentPostprocessing = 0;
		};
		418A6B0D28643406002EA74F /* Sources */ = {
			isa = PBXSourcesBuildPhase;
			buildActionMask = 2147483647;
			files = (
				418A6B1628643406002EA74F /* Week3PracticeTests.swift in Sources */,
			);
			runOnlyForDeploymentPostprocessing = 0;
		};
		418A6B1728643406002EA74F /* Sources */ = {
			isa = PBXSourcesBuildPhase;
			buildActionMask = 2147483647;
			files = (
				418A6B2028643406002EA74F /* Week3PracticeUITests.swift in Sources */,
				418A6B2228643406002EA74F /* Week3PracticeUITestsLaunchTests.swift in Sources */,
			);
			runOnlyForDeploymentPostprocessing = 0;
		};
/* End PBXSourcesBuildPhase section */

/* Begin PBXTargetDependency section */
		418A6B1328643406002EA74F /* PBXTargetDependency */ = {
			isa = PBXTargetDependency;
			target = 418A6AFA28643401002EA74F /* Week3Practice */;
			targetProxy = 418A6B1228643406002EA74F /* PBXContainerItemProxy */;
		};
		418A6B1D28643406002EA74F /* PBXTargetDependency */ = {
			isa = PBXTargetDependency;
			target = 418A6AFA28643401002EA74F /* Week3Practice */;
			targetProxy = 418A6B1C28643406002EA74F /* PBXContainerItemProxy */;
		};
/* End PBXTargetDependency section */

/* Begin PBXVariantGroup section */
		418A6B0428643401002EA74F /* Main.storyboard */ = {
			isa = PBXVariantGroup;
			children = (
				418A6B0528643401002EA74F /* Base */,
			);
			name = Main.storyboard;
			sourceTree = "<group>";
		};
		418A6B0928643406002EA74F /* LaunchScreen.storyboard */ = {
			isa = PBXVariantGroup;
			children = (
				418A6B0A28643406002EA74F /* Base */,
			);
			name = LaunchScreen.storyboard;
			sourceTree = "<group>";
		};
/* End PBXVariantGroup section */

/* Begin XCBuildConfiguration section */
		418A6B2328643406002EA74F /* Debug */ = {
			isa = XCBuildConfiguration;
			buildSettings = {
				ALWAYS_SEARCH_USER_PATHS = NO;
				CLANG_ANALYZER_NONNULL = YES;
				CLANG_ANALYZER_NUMBER_OBJECT_CONVERSION = YES_AGGRESSIVE;
				CLANG_CXX_LANGUAGE_STANDARD = "gnu++17";
				CLANG_ENABLE_MODULES = YES;
				CLANG_ENABLE_OBJC_ARC = YES;
				CLANG_ENABLE_OBJC_WEAK = YES;
				CLANG_WARN_BLOCK_CAPTURE_AUTORELEASING = YES;
				CLANG_WARN_BOOL_CONVERSION = YES;
				CLANG_WARN_COMMA = YES;
				CLANG_WARN_CONSTANT_CONVERSION = YES;
				CLANG_WARN_DEPRECATED_OBJC_IMPLEMENTATIONS = YES;
				CLANG_WARN_DIRECT_OBJC_ISA_USAGE = YES_ERROR;
				CLANG_WARN_DOCUMENTATION_COMMENTS = YES;
				CLANG_WARN_EMPTY_BODY = YES;
				CLANG_WARN_ENUM_CONVERSION = YES;
				CLANG_WARN_INFINITE_RECURSION = YES;
				CLANG_WARN_INT_CONVERSION = YES;
				CLANG_WARN_NON_LITERAL_NULL_CONVERSION = YES;
				CLANG_WARN_OBJC_IMPLICIT_RETAIN_SELF = YES;
				CLANG_WARN_OBJC_LITERAL_CONVERSION = YES;
				CLANG_WARN_OBJC_ROOT_CLASS = YES_ERROR;
				CLANG_WARN_QUOTED_INCLUDE_IN_FRAMEWORK_HEADER = YES;
				CLANG_WARN_RANGE_LOOP_ANALYSIS = YES;
				CLANG_WARN_STRICT_PROTOTYPES = YES;
				CLANG_WARN_SUSPICIOUS_MOVE = YES;
				CLANG_WARN_UNGUARDED_AVAILABILITY = YES_AGGRESSIVE;
				CLANG_WARN_UNREACHABLE_CODE = YES;
				CLANG_WARN__DUPLICATE_METHOD_MATCH = YES;
				COPY_PHASE_STRIP = NO;
				DEBUG_INFORMATION_FORMAT = dwarf;
				ENABLE_STRICT_OBJC_MSGSEND = YES;
				ENABLE_TESTABILITY = YES;
				GCC_C_LANGUAGE_STANDARD = gnu11;
				GCC_DYNAMIC_NO_PIC = NO;
				GCC_NO_COMMON_BLOCKS = YES;
				GCC_OPTIMIZATION_LEVEL = 0;
				GCC_PREPROCESSOR_DEFINITIONS = (
					"DEBUG=1",
					"$(inherited)",
				);
				GCC_WARN_64_TO_32_BIT_CONVERSION = YES;
				GCC_WARN_ABOUT_RETURN_TYPE = YES_ERROR;
				GCC_WARN_UNDECLARED_SELECTOR = YES;
				GCC_WARN_UNINITIALIZED_AUTOS = YES_AGGRESSIVE;
				GCC_WARN_UNUSED_FUNCTION = YES;
				GCC_WARN_UNUSED_VARIABLE = YES;
				IPHONEOS_DEPLOYMENT_TARGET = 15.5;
				MTL_ENABLE_DEBUG_INFO = INCLUDE_SOURCE;
				MTL_FAST_MATH = YES;
				ONLY_ACTIVE_ARCH = YES;
				SDKROOT = iphoneos;
				SWIFT_ACTIVE_COMPILATION_CONDITIONS = DEBUG;
				SWIFT_OPTIMIZATION_LEVEL = "-Onone";
			};
			name = Debug;
		};
		418A6B2428643406002EA74F /* Release */ = {
			isa = XCBuildConfiguration;
			buildSettings = {
				ALWAYS_SEARCH_USER_PATHS = NO;
				CLANG_ANALYZER_NONNULL = YES;
				CLANG_ANALYZER_NUMBER_OBJECT_CONVERSION = YES_AGGRESSIVE;
				CLANG_CXX_LANGUAGE_STANDARD = "gnu++17";
				CLANG_ENABLE_MODULES = YES;
				CLANG_ENABLE_OBJC_ARC = YES;
				CLANG_ENABLE_OBJC_WEAK = YES;
				CLANG_WARN_BLOCK_CAPTURE_AUTORELEASING = YES;
				CLANG_WARN_BOOL_CONVERSION = YES;
				CLANG_WARN_COMMA = YES;
				CLANG_WARN_CONSTANT_CONVERSION = YES;
				CLANG_WARN_DEPRECATED_OBJC_IMPLEMENTATIONS = YES;
				CLANG_WARN_DIRECT_OBJC_ISA_USAGE = YES_ERROR;
				CLANG_WARN_DOCUMENTATION_COMMENTS = YES;
				CLANG_WARN_EMPTY_BODY = YES;
				CLANG_WARN_ENUM_CONVERSION = YES;
				CLANG_WARN_INFINITE_RECURSION = YES;
				CLANG_WARN_INT_CONVERSION = YES;
				CLANG_WARN_NON_LITERAL_NULL_CONVERSION = YES;
				CLANG_WARN_OBJC_IMPLICIT_RETAIN_SELF = YES;
				CLANG_WARN_OBJC_LITERAL_CONVERSION = YES;
				CLANG_WARN_OBJC_ROOT_CLASS = YES_ERROR;
				CLANG_WARN_QUOTED_INCLUDE_IN_FRAMEWORK_HEADER = YES;
				CLANG_WARN_RANGE_LOOP_ANALYSIS = YES;
				CLANG_WARN_STRICT_PROTOTYPES = YES;
				CLANG_WARN_SUSPICIOUS_MOVE = YES;
				CLANG_WARN_UNGUARDED_AVAILABILITY = YES_AGGRESSIVE;
				CLANG_WARN_UNREACHABLE_CODE = YES;
				CLANG_WARN__DUPLICATE_METHOD_MATCH = YES;
				COPY_PHASE_STRIP = NO;
				DEBUG_INFORMATION_FORMAT = "dwarf-with-dsym";
				ENABLE_NS_ASSERTIONS = NO;
				ENABLE_STRICT_OBJC_MSGSEND = YES;
				GCC_C_LANGUAGE_STANDARD = gnu11;
				GCC_NO_COMMON_BLOCKS = YES;
				GCC_WARN_64_TO_32_BIT_CONVERSION = YES;
				GCC_WARN_ABOUT_RETURN_TYPE = YES_ERROR;
				GCC_WARN_UNDECLARED_SELECTOR = YES;
				GCC_WARN_UNINITIALIZED_AUTOS = YES_AGGRESSIVE;
				GCC_WARN_UNUSED_FUNCTION = YES;
				GCC_WARN_UNUSED_VARIABLE = YES;
				IPHONEOS_DEPLOYMENT_TARGET = 15.5;
				MTL_ENABLE_DEBUG_INFO = NO;
				MTL_FAST_MATH = YES;
				SDKROOT = iphoneos;
				SWIFT_COMPILATION_MODE = wholemodule;
				SWIFT_OPTIMIZATION_LEVEL = "-O";
				VALIDATE_PRODUCT = YES;
			};
			name = Release;
		};
		418A6B2628643406002EA74F /* Debug */ = {
			isa = XCBuildConfiguration;
			buildSettings = {
				ASSETCATALOG_COMPILER_APPICON_NAME = AppIcon;
				ASSETCATALOG_COMPILER_GLOBAL_ACCENT_COLOR_NAME = AccentColor;
				CODE_SIGN_STYLE = Automatic;
				CURRENT_PROJECT_VERSION = 1;
				DEVELOPMENT_TEAM = GU4WSYSAM9;
				GENERATE_INFOPLIST_FILE = YES;
				INFOPLIST_FILE = Week3Practice/Info.plist;
				INFOPLIST_KEY_UIApplicationSupportsIndirectInputEvents = YES;
				INFOPLIST_KEY_UILaunchStoryboardName = LaunchScreen;
				INFOPLIST_KEY_UIMainStoryboardFile = Main;
				INFOPLIST_KEY_UISupportedInterfaceOrientations_iPad = "UIInterfaceOrientationPortrait UIInterfaceOrientationPortraitUpsideDown UIInterfaceOrientationLandscapeLeft UIInterfaceOrientationLandscapeRight";
				INFOPLIST_KEY_UISupportedInterfaceOrientations_iPhone = "UIInterfaceOrientationPortrait UIInterfaceOrientationLandscapeLeft UIInterfaceOrientationLandscapeRight";
				LD_RUNPATH_SEARCH_PATHS = (
					"$(inherited)",
					"@executable_path/Frameworks",
				);
				MARKETING_VERSION = 1.0;
				PRODUCT_BUNDLE_IDENTIFIER = com.jueun.Week3Practice;
				PRODUCT_NAME = "$(TARGET_NAME)";
				SWIFT_EMIT_LOC_STRINGS = YES;
				SWIFT_VERSION = 5.0;
				TARGETED_DEVICE_FAMILY = "1,2";
			};
			name = Debug;
		};
		418A6B2728643406002EA74F /* Release */ = {
			isa = XCBuildConfiguration;
			buildSettings = {
				ASSETCATALOG_COMPILER_APPICON_NAME = AppIcon;
				ASSETCATALOG_COMPILER_GLOBAL_ACCENT_COLOR_NAME = AccentColor;
				CODE_SIGN_STYLE = Automatic;
				CURRENT_PROJECT_VERSION = 1;
				DEVELOPMENT_TEAM = GU4WSYSAM9;
				GENERATE_INFOPLIST_FILE = YES;
				INFOPLIST_FILE = Week3Practice/Info.plist;
				INFOPLIST_KEY_UIApplicationSupportsIndirectInputEvents = YES;
				INFOPLIST_KEY_UILaunchStoryboardName = LaunchScreen;
				INFOPLIST_KEY_UIMainStoryboardFile = Main;
				INFOPLIST_KEY_UISupportedInterfaceOrientations_iPad = "UIInterfaceOrientationPortrait UIInterfaceOrientationPortraitUpsideDown UIInterfaceOrientationLandscapeLeft UIInterfaceOrientationLandscapeRight";
				INFOPLIST_KEY_UISupportedInterfaceOrientations_iPhone = "UIInterfaceOrientationPortrait UIInterfaceOrientationLandscapeLeft UIInterfaceOrientationLandscapeRight";
				LD_RUNPATH_SEARCH_PATHS = (
					"$(inherited)",
					"@executable_path/Frameworks",
				);
				MARKETING_VERSION = 1.0;
				PRODUCT_BUNDLE_IDENTIFIER = com.jueun.Week3Practice;
				PRODUCT_NAME = "$(TARGET_NAME)";
				SWIFT_EMIT_LOC_STRINGS = YES;
				SWIFT_VERSION = 5.0;
				TARGETED_DEVICE_FAMILY = "1,2";
			};
			name = Release;
		};
		418A6B2928643406002EA74F /* Debug */ = {
			isa = XCBuildConfiguration;
			buildSettings = {
				ALWAYS_EMBED_SWIFT_STANDARD_LIBRARIES = YES;
				BUNDLE_LOADER = "$(TEST_HOST)";
				CODE_SIGN_STYLE = Automatic;
				CURRENT_PROJECT_VERSION = 1;
				DEVELOPMENT_TEAM = GU4WSYSAM9;
				GENERATE_INFOPLIST_FILE = YES;
				IPHONEOS_DEPLOYMENT_TARGET = 15.5;
				MARKETING_VERSION = 1.0;
				PRODUCT_BUNDLE_IDENTIFIER = com.jueun.Week3PracticeTests;
				PRODUCT_NAME = "$(TARGET_NAME)";
				SWIFT_EMIT_LOC_STRINGS = NO;
				SWIFT_VERSION = 5.0;
				TARGETED_DEVICE_FAMILY = "1,2";
				TEST_HOST = "$(BUILT_PRODUCTS_DIR)/Week3Practice.app/Week3Practice";
			};
			name = Debug;
		};
		418A6B2A28643406002EA74F /* Release */ = {
			isa = XCBuildConfiguration;
			buildSettings = {
				ALWAYS_EMBED_SWIFT_STANDARD_LIBRARIES = YES;
				BUNDLE_LOADER = "$(TEST_HOST)";
				CODE_SIGN_STYLE = Automatic;
				CURRENT_PROJECT_VERSION = 1;
				DEVELOPMENT_TEAM = GU4WSYSAM9;
				GENERATE_INFOPLIST_FILE = YES;
				IPHONEOS_DEPLOYMENT_TARGET = 15.5;
				MARKETING_VERSION = 1.0;
				PRODUCT_BUNDLE_IDENTIFIER = com.jueun.Week3PracticeTests;
				PRODUCT_NAME = "$(TARGET_NAME)";
				SWIFT_EMIT_LOC_STRINGS = NO;
				SWIFT_VERSION = 5.0;
				TARGETED_DEVICE_FAMILY = "1,2";
				TEST_HOST = "$(BUILT_PRODUCTS_DIR)/Week3Practice.app/Week3Practice";
			};
			name = Release;
		};
		418A6B2C28643406002EA74F /* Debug */ = {
			isa = XCBuildConfiguration;
			buildSettings = {
				ALWAYS_EMBED_SWIFT_STANDARD_LIBRARIES = YES;
				CODE_SIGN_STYLE = Automatic;
				CURRENT_PROJECT_VERSION = 1;
				DEVELOPMENT_TEAM = GU4WSYSAM9;
				GENERATE_INFOPLIST_FILE = YES;
				MARKETING_VERSION = 1.0;
				PRODUCT_BUNDLE_IDENTIFIER = com.jueun.Week3PracticeUITests;
				PRODUCT_NAME = "$(TARGET_NAME)";
				SWIFT_EMIT_LOC_STRINGS = NO;
				SWIFT_VERSION = 5.0;
				TARGETED_DEVICE_FAMILY = "1,2";
				TEST_TARGET_NAME = Week3Practice;
			};
			name = Debug;
		};
		418A6B2D28643406002EA74F /* Release */ = {
			isa = XCBuildConfiguration;
			buildSettings = {
				ALWAYS_EMBED_SWIFT_STANDARD_LIBRARIES = YES;
				CODE_SIGN_STYLE = Automatic;
				CURRENT_PROJECT_VERSION = 1;
				DEVELOPMENT_TEAM = GU4WSYSAM9;
				GENERATE_INFOPLIST_FILE = YES;
				MARKETING_VERSION = 1.0;
				PRODUCT_BUNDLE_IDENTIFIER = com.jueun.Week3PracticeUITests;
				PRODUCT_NAME = "$(TARGET_NAME)";
				SWIFT_EMIT_LOC_STRINGS = NO;
				SWIFT_VERSION = 5.0;
				TARGETED_DEVICE_FAMILY = "1,2";
				TEST_TARGET_NAME = Week3Practice;
			};
			name = Release;
		};
/* End XCBuildConfiguration section */

/* Begin XCConfigurationList section */
		418A6AF628643401002EA74F /* Build configuration list for PBXProject "Week3Practice" */ = {
			isa = XCConfigurationList;
			buildConfigurations = (
				418A6B2328643406002EA74F /* Debug */,
				418A6B2428643406002EA74F /* Release */,
			);
			defaultConfigurationIsVisible = 0;
			defaultConfigurationName = Release;
		};
		418A6B2528643406002EA74F /* Build configuration list for PBXNativeTarget "Week3Practice" */ = {
			isa = XCConfigurationList;
			buildConfigurations = (
				418A6B2628643406002EA74F /* Debug */,
				418A6B2728643406002EA74F /* Release */,
			);
			defaultConfigurationIsVisible = 0;
			defaultConfigurationName = Release;
		};
		418A6B2828643406002EA74F /* Build configuration list for PBXNativeTarget "Week3PracticeTests" */ = {
			isa = XCConfigurationList;
			buildConfigurations = (
				418A6B2928643406002EA74F /* Debug */,
				418A6B2A28643406002EA74F /* Release */,
			);
			defaultConfigurationIsVisible = 0;
			defaultConfigurationName = Release;
		};
		418A6B2B28643406002EA74F /* Build configuration list for PBXNativeTarget "Week3PracticeUITests" */ = {
			isa = XCConfigurationList;
			buildConfigurations = (
				418A6B2C28643406002EA74F /* Debug */,
				418A6B2D28643406002EA74F /* Release */,
			);
			defaultConfigurationIsVisible = 0;
			defaultConfigurationName = Release;
		};
/* End XCConfigurationList section */
	};
	rootObject = 418A6AF328643401002EA74F /* Project object */;
}
