// !$*UTF8*$!
{
	archiveVersion = 1;
	classes = {
	};
	objectVersion = 55;
	objects = {

/* Begin PBXBuildFile section */
		418A6B4328645D90002EA74F /* AppDelegate.swift in Sources */ = {isa = PBXBuildFile; fileRef = 418A6B4228645D90002EA74F /* AppDelegate.swift */; };
		418A6B4528645D90002EA74F /* SceneDelegate.swift in Sources */ = {isa = PBXBuildFile; fileRef = 418A6B4428645D90002EA74F /* SceneDelegate.swift */; };
		418A6B4728645D90002EA74F /* ViewController.swift in Sources */ = {isa = PBXBuildFile; fileRef = 418A6B4628645D90002EA74F /* ViewController.swift */; };
		418A6B4A28645D90002EA74F /* Main.storyboard in Resources */ = {isa = PBXBuildFile; fileRef = 418A6B4828645D90002EA74F /* Main.storyboard */; };
		418A6B4D28645D90002EA74F /* sentiTable.xcdatamodeld in Sources */ = {isa = PBXBuildFile; fileRef = 418A6B4B28645D90002EA74F /* sentiTable.xcdatamodeld */; };
		418A6B4F28645D92002EA74F /* Assets.xcassets in Resources */ = {isa = PBXBuildFile; fileRef = 418A6B4E28645D92002EA74F /* Assets.xcassets */; };
		418A6B5228645D92002EA74F /* LaunchScreen.storyboard in Resources */ = {isa = PBXBuildFile; fileRef = 418A6B5028645D92002EA74F /* LaunchScreen.storyboard */; };
		418A6B5D28645D92002EA74F /* sentiTableTests.swift in Sources */ = {isa = PBXBuildFile; fileRef = 418A6B5C28645D92002EA74F /* sentiTableTests.swift */; };
		418A6B6728645D92002EA74F /* sentiTableUITests.swift in Sources */ = {isa = PBXBuildFile; fileRef = 418A6B6628645D92002EA74F /* sentiTableUITests.swift */; };
		418A6B6928645D92002EA74F /* sentiTableUITestsLaunchTests.swift in Sources */ = {isa = PBXBuildFile; fileRef = 418A6B6828645D92002EA74F /* sentiTableUITestsLaunchTests.swift */; };
		418A6B78286472EF002EA74F /* Type1.swift in Sources */ = {isa = PBXBuildFile; fileRef = 418A6B77286472EF002EA74F /* Type1.swift */; };
/* End PBXBuildFile section */

/* Begin PBXContainerItemProxy section */
		418A6B5928645D92002EA74F /* PBXContainerItemProxy */ = {
			isa = PBXContainerItemProxy;
			containerPortal = 418A6B3728645D90002EA74F /* Project object */;
			proxyType = 1;
			remoteGlobalIDString = 418A6B3E28645D90002EA74F;
			remoteInfo = sentiTable;
		};
		418A6B6328645D92002EA74F /* PBXContainerItemProxy */ = {
			isa = PBXContainerItemProxy;
			containerPortal = 418A6B3728645D90002EA74F /* Project object */;
			proxyType = 1;
			remoteGlobalIDString = 418A6B3E28645D90002EA74F;
			remoteInfo = sentiTable;
		};
/* End PBXContainerItemProxy section */

/* Begin PBXFileReference section */
		418A6B3F28645D90002EA74F /* sentiTable.app */ = {isa = PBXFileReference; explicitFileType = wrapper.application; includeInIndex = 0; path = sentiTable.app; sourceTree = BUILT_PRODUCTS_DIR; };
		418A6B4228645D90002EA74F /* AppDelegate.swift */ = {isa = PBXFileReference; lastKnownFileType = sourcecode.swift; path = AppDelegate.swift; sourceTree = "<group>"; };
		418A6B4428645D90002EA74F /* SceneDelegate.swift */ = {isa = PBXFileReference; lastKnownFileType = sourcecode.swift; path = SceneDelegate.swift; sourceTree = "<group>"; };
		418A6B4628645D90002EA74F /* ViewController.swift */ = {isa = PBXFileReference; lastKnownFileType = sourcecode.swift; path = ViewController.swift; sourceTree = "<group>"; };
		418A6B4928645D90002EA74F /* Base */ = {isa = PBXFileReference; lastKnownFileType = file.storyboard; name = Base; path = Base.lproj/Main.storyboard; sourceTree = "<group>"; };
		418A6B4C28645D90002EA74F /* sentiTable.xcdatamodel */ = {isa = PBXFileReference; lastKnownFileType = wrapper.xcdatamodel; path = sentiTable.xcdatamodel; sourceTree = "<group>"; };
		418A6B4E28645D92002EA74F /* Assets.xcassets */ = {isa = PBXFileReference; lastKnownFileType = folder.assetcatalog; path = Assets.xcassets; sourceTree = "<group>"; };
		418A6B5128645D92002EA74F /* Base */ = {isa = PBXFileReference; lastKnownFileType = file.storyboard; name = Base; path = Base.lproj/LaunchScreen.storyboard; sourceTree = "<group>"; };
		418A6B5328645D92002EA74F /* Info.plist */ = {isa = PBXFileReference; lastKnownFileType = text.plist.xml; path = Info.plist; sourceTree = "<group>"; };
		418A6B5828645D92002EA74F /* sentiTableTests.xctest */ = {isa = PBXFileReference; explicitFileType = wrapper.cfbundle; includeInIndex = 0; path = sentiTableTests.xctest; sourceTree = BUILT_PRODUCTS_DIR; };
		418A6B5C28645D92002EA74F /* sentiTableTests.swift */ = {isa = PBXFileReference; lastKnownFileType = sourcecode.swift; path = sentiTableTests.swift; sourceTree = "<group>"; };
		418A6B6228645D92002EA74F /* sentiTableUITests.xctest */ = {isa = PBXFileReference; explicitFileType = wrapper.cfbundle; includeInIndex = 0; path = sentiTableUITests.xctest; sourceTree = BUILT_PRODUCTS_DIR; };
		418A6B6628645D92002EA74F /* sentiTableUITests.swift */ = {isa = PBXFileReference; lastKnownFileType = sourcecode.swift; path = sentiTableUITests.swift; sourceTree = "<group>"; };
		418A6B6828645D92002EA74F /* sentiTableUITestsLaunchTests.swift */ = {isa = PBXFileReference; lastKnownFileType = sourcecode.swift; path = sentiTableUITestsLaunchTests.swift; sourceTree = "<group>"; };
		418A6B77286472EF002EA74F /* Type1.swift */ = {isa = PBXFileReference; lastKnownFileType = sourcecode.swift; path = Type1.swift; sourceTree = "<group>"; };
/* End PBXFileReference section */

/* Begin PBXFrameworksBuildPhase section */
		418A6B3C28645D90002EA74F /* Frameworks */ = {
			isa = PBXFrameworksBuildPhase;
			buildActionMask = 2147483647;
			files = (
			);
			runOnlyForDeploymentPostprocessing = 0;
		};
		418A6B5528645D92002EA74F /* Frameworks */ = {
			isa = PBXFrameworksBuildPhase;
			buildActionMask = 2147483647;
			files = (
			);
			runOnlyForDeploymentPostprocessing = 0;
		};
		418A6B5F28645D92002EA74F /* Frameworks */ = {
			isa = PBXFrameworksBuildPhase;
			buildActionMask = 2147483647;
			files = (
			);
			runOnlyForDeploymentPostprocessing = 0;
		};
/* End PBXFrameworksBuildPhase section */

/* Begin PBXGroup section */
		418A6B3628645D90002EA74F = {
			isa = PBXGroup;
			children = (
				418A6B4128645D90002EA74F /* sentiTable */,
				418A6B5B28645D92002EA74F /* sentiTableTests */,
				418A6B6528645D92002EA74F /* sentiTableUITests */,
				418A6B4028645D90002EA74F /* Products */,
			);
			sourceTree = "<group>";
		};
		418A6B4028645D90002EA74F /* Products */ = {
			isa = PBXGroup;
			children = (
				418A6B3F28645D90002EA74F /* sentiTable.app */,
				418A6B5828645D92002EA74F /* sentiTableTests.xctest */,
				418A6B6228645D92002EA74F /* sentiTableUITests.xctest */,
			);
			name = Products;
			sourceTree = "<group>";
		};
		418A6B4128645D90002EA74F /* sentiTable */ = {
			isa = PBXGroup;
			children = (
				418A6B4228645D90002EA74F /* AppDelegate.swift */,
				418A6B4428645D90002EA74F /* SceneDelegate.swift */,
				418A6B4628645D90002EA74F /* ViewController.swift */,
				418A6B77286472EF002EA74F /* Type1.swift */,
				418A6B4828645D90002EA74F /* Main.storyboard */,
				418A6B4E28645D92002EA74F /* Assets.xcassets */,
				418A6B5028645D92002EA74F /* LaunchScreen.storyboard */,
				418A6B5328645D92002EA74F /* Info.plist */,
				418A6B4B28645D90002EA74F /* sentiTable.xcdatamodeld */,
			);
			path = sentiTable;
			sourceTree = "<group>";
		};
		418A6B5B28645D92002EA74F /* sentiTableTests */ = {
			isa = PBXGroup;
			children = (
				418A6B5C28645D92002EA74F /* sentiTableTests.swift */,
			);
			path = sentiTableTests;
			sourceTree = "<group>";
		};
		418A6B6528645D92002EA74F /* sentiTableUITests */ = {
			isa = PBXGroup;
			children = (
				418A6B6628645D92002EA74F /* sentiTableUITests.swift */,
				418A6B6828645D92002EA74F /* sentiTableUITestsLaunchTests.swift */,
			);
			path = sentiTableUITests;
			sourceTree = "<group>";
		};
/* End PBXGroup section */

/* Begin PBXNativeTarget section */
		418A6B3E28645D90002EA74F /* sentiTable */ = {
			isa = PBXNativeTarget;
			buildConfigurationList = 418A6B6C28645D92002EA74F /* Build configuration list for PBXNativeTarget "sentiTable" */;
			buildPhases = (
				418A6B3B28645D90002EA74F /* Sources */,
				418A6B3C28645D90002EA74F /* Frameworks */,
				418A6B3D28645D90002EA74F /* Resources */,
			);
			buildRules = (
			);
			dependencies = (
			);
			name = sentiTable;
			productName = sentiTable;
			productReference = 418A6B3F28645D90002EA74F /* sentiTable.app */;
			productType = "com.apple.product-type.application";
		};
		418A6B5728645D92002EA74F /* sentiTableTests */ = {
			isa = PBXNativeTarget;
			buildConfigurationList = 418A6B6F28645D92002EA74F /* Build configuration list for PBXNativeTarget "sentiTableTests" */;
			buildPhases = (
				418A6B5428645D92002EA74F /* Sources */,
				418A6B5528645D92002EA74F /* Frameworks */,
				418A6B5628645D92002EA74F /* Resources */,
			);
			buildRules = (
			);
			dependencies = (
				418A6B5A28645D92002EA74F /* PBXTargetDependency */,
			);
			name = sentiTableTests;
			productName = sentiTableTests;
			productReference = 418A6B5828645D92002EA74F /* sentiTableTests.xctest */;
			productType = "com.apple.product-type.bundle.unit-test";
		};
		418A6B6128645D92002EA74F /* sentiTableUITests */ = {
			isa = PBXNativeTarget;
			buildConfigurationList = 418A6B7228645D92002EA74F /* Build configuration list for PBXNativeTarget "sentiTableUITests" */;
			buildPhases = (
				418A6B5E28645D92002EA74F /* Sources */,
				418A6B5F28645D92002EA74F /* Frameworks */,
				418A6B6028645D92002EA74F /* Resources */,
			);
			buildRules = (
			);
			dependencies = (
				418A6B6428645D92002EA74F /* PBXTargetDependency */,
			);
			name = sentiTableUITests;
			productName = sentiTableUITests;
			productReference = 418A6B6228645D92002EA74F /* sentiTableUITests.xctest */;
			productType = "com.apple.product-type.bundle.ui-testing";
		};
/* End PBXNativeTarget section */

/* Begin PBXProject section */
		418A6B3728645D90002EA74F /* Project object */ = {
			isa = PBXProject;
			attributes = {
				BuildIndependentTargetsInParallel = 1;
				LastSwiftUpdateCheck = 1340;
				LastUpgradeCheck = 1340;
				TargetAttributes = {
					418A6B3E28645D90002EA74F = {
						CreatedOnToolsVersion = 13.4.1;
					};
					418A6B5728645D92002EA74F = {
						CreatedOnToolsVersion = 13.4.1;
						TestTargetID = 418A6B3E28645D90002EA74F;
					};
					418A6B6128645D92002EA74F = {
						CreatedOnToolsVersion = 13.4.1;
						TestTargetID = 418A6B3E28645D90002EA74F;
					};
				};
			};
			buildConfigurationList = 418A6B3A28645D90002EA74F /* Build configuration list for PBXProject "sentiTable" */;
			compatibilityVersion = "Xcode 13.0";
			developmentRegion = en;
			hasScannedForEncodings = 0;
			knownRegions = (
				en,
				Base,
			);
			mainGroup = 418A6B3628645D90002EA74F;
			productRefGroup = 418A6B4028645D90002EA74F /* Products */;
			projectDirPath = "";
			projectRoot = "";
			targets = (
				418A6B3E28645D90002EA74F /* sentiTable */,
				418A6B5728645D92002EA74F /* sentiTableTests */,
				418A6B6128645D92002EA74F /* sentiTableUITests */,
			);
		};
/* End PBXProject section */

/* Begin PBXResourcesBuildPhase section */
		418A6B3D28645D90002EA74F /* Resources */ = {
			isa = PBXResourcesBuildPhase;
			buildActionMask = 2147483647;
			files = (
				418A6B5228645D92002EA74F /* LaunchScreen.storyboard in Resources */,
				418A6B4F28645D92002EA74F /* Assets.xcassets in Resources */,
				418A6B4A28645D90002EA74F /* Main.storyboard in Resources */,
			);
			runOnlyForDeploymentPostprocessing = 0;
		};
		418A6B5628645D92002EA74F /* Resources */ = {
			isa = PBXResourcesBuildPhase;
			buildActionMask = 2147483647;
			files = (
			);
			runOnlyForDeploymentPostprocessing = 0;
		};
		418A6B6028645D92002EA74F /* Resources */ = {
			isa = PBXResourcesBuildPhase;
			buildActionMask = 2147483647;
			files = (
			);
			runOnlyForDeploymentPostprocessing = 0;
		};
/* End PBXResourcesBuildPhase section */

/* Begin PBXSourcesBuildPhase section */
		418A6B3B28645D90002EA74F /* Sources */ = {
			isa = PBXSourcesBuildPhase;
			buildActionMask = 2147483647;
			files = (
				418A6B4728645D90002EA74F /* ViewController.swift in Sources */,
				418A6B4328645D90002EA74F /* AppDelegate.swift in Sources */,
				418A6B4D28645D90002EA74F /* sentiTable.xcdatamodeld in Sources */,
				418A6B4528645D90002EA74F /* SceneDelegate.swift in Sources */,
				418A6B78286472EF002EA74F /* Type1.swift in Sources */,
			);
			runOnlyForDeploymentPostprocessing = 0;
		};
		418A6B5428645D92002EA74F /* Sources */ = {
			isa = PBXSourcesBuildPhase;
			buildActionMask = 2147483647;
			files = (
				418A6B5D28645D92002EA74F /* sentiTableTests.swift in Sources */,
			);
			runOnlyForDeploymentPostprocessing = 0;
		};
		418A6B5E28645D92002EA74F /* Sources */ = {
			isa = PBXSourcesBuildPhase;
			buildActionMask = 2147483647;
			files = (
				418A6B6728645D92002EA74F /* sentiTableUITests.swift in Sources */,
				418A6B6928645D92002EA74F /* sentiTableUITestsLaunchTests.swift in Sources */,
			);
			runOnlyForDeploymentPostprocessing = 0;
		};
/* End PBXSourcesBuildPhase section */

/* Begin PBXTargetDependency section */
		418A6B5A28645D92002EA74F /* PBXTargetDependency */ = {
			isa = PBXTargetDependency;
			target = 418A6B3E28645D90002EA74F /* sentiTable */;
			targetProxy = 418A6B5928645D92002EA74F /* PBXContainerItemProxy */;
		};
		418A6B6428645D92002EA74F /* PBXTargetDependency */ = {
			isa = PBXTargetDependency;
			target = 418A6B3E28645D90002EA74F /* sentiTable */;
			targetProxy = 418A6B6328645D92002EA74F /* PBXContainerItemProxy */;
		};
/* End PBXTargetDependency section */

/* Begin PBXVariantGroup section */
		418A6B4828645D90002EA74F /* Main.storyboard */ = {
			isa = PBXVariantGroup;
			children = (
				418A6B4928645D90002EA74F /* Base */,
			);
			name = Main.storyboard;
			sourceTree = "<group>";
		};
		418A6B5028645D92002EA74F /* LaunchScreen.storyboard */ = {
			isa = PBXVariantGroup;
			children = (
				418A6B5128645D92002EA74F /* Base */,
			);
			name = LaunchScreen.storyboard;
			sourceTree = "<group>";
		};
/* End PBXVariantGroup section */

/* Begin XCBuildConfiguration section */
		418A6B6A28645D92002EA74F /* Debug */ = {
			isa = XCBuildConfiguration;
			buildSettings = {
				ALWAYS_SEARCH_USER_PATHS = NO;
				CLANG_ANALYZER_NONNULL = YES;
				CLANG_ANALYZER_NUMBER_OBJECT_CONVERSION = YES_AGGRESSIVE;
				CLANG_CXX_LANGUAGE_STANDARD = "gnu++17";
				CLANG_ENABLE_MODULES = YES;
				CLANG_ENABLE_OBJC_ARC = YES;
				CLANG_ENABLE_OBJC_WEAK = YES;
				CLANG_WARN_BLOCK_CAPTURE_AUTORELEASING = YES;
				CLANG_WARN_BOOL_CONVERSION = YES;
				CLANG_WARN_COMMA = YES;
				CLANG_WARN_CONSTANT_CONVERSION = YES;
				CLANG_WARN_DEPRECATED_OBJC_IMPLEMENTATIONS = YES;
				CLANG_WARN_DIRECT_OBJC_ISA_USAGE = YES_ERROR;
				CLANG_WARN_DOCUMENTATION_COMMENTS = YES;
				CLANG_WARN_EMPTY_BODY = YES;
				CLANG_WARN_ENUM_CONVERSION = YES;
				CLANG_WARN_INFINITE_RECURSION = YES;
				CLANG_WARN_INT_CONVERSION = YES;
				CLANG_WARN_NON_LITERAL_NULL_CONVERSION = YES;
				CLANG_WARN_OBJC_IMPLICIT_RETAIN_SELF = YES;
				CLANG_WARN_OBJC_LITERAL_CONVERSION = YES;
				CLANG_WARN_OBJC_ROOT_CLASS = YES_ERROR;
				CLANG_WARN_QUOTED_INCLUDE_IN_FRAMEWORK_HEADER = YES;
				CLANG_WARN_RANGE_LOOP_ANALYSIS = YES;
				CLANG_WARN_STRICT_PROTOTYPES = YES;
				CLANG_WARN_SUSPICIOUS_MOVE = YES;
				CLANG_WARN_UNGUARDED_AVAILABILITY = YES_AGGRESSIVE;
				CLANG_WARN_UNREACHABLE_CODE = YES;
				CLANG_WARN__DUPLICATE_METHOD_MATCH = YES;
				COPY_PHASE_STRIP = NO;
				DEBUG_INFORMATION_FORMAT = dwarf;
				ENABLE_STRICT_OBJC_MSGSEND = YES;
				ENABLE_TESTABILITY = YES;
				GCC_C_LANGUAGE_STANDARD = gnu11;
				GCC_DYNAMIC_NO_PIC = NO;
				GCC_NO_COMMON_BLOCKS = YES;
				GCC_OPTIMIZATION_LEVEL = 0;
				GCC_PREPROCESSOR_DEFINITIONS = (
					"DEBUG=1",
					"$(inherited)",
				);
				GCC_WARN_64_TO_32_BIT_CONVERSION = YES;
				GCC_WARN_ABOUT_RETURN_TYPE = YES_ERROR;
				GCC_WARN_UNDECLARED_SELECTOR = YES;
				GCC_WARN_UNINITIALIZED_AUTOS = YES_AGGRESSIVE;
				GCC_WARN_UNUSED_FUNCTION = YES;
				GCC_WARN_UNUSED_VARIABLE = YES;
				IPHONEOS_DEPLOYMENT_TARGET = 15.5;
				MTL_ENABLE_DEBUG_INFO = INCLUDE_SOURCE;
				MTL_FAST_MATH = YES;
				ONLY_ACTIVE_ARCH = YES;
				SDKROOT = iphoneos;
				SWIFT_ACTIVE_COMPILATION_CONDITIONS = DEBUG;
				SWIFT_OPTIMIZATION_LEVEL = "-Onone";
			};
			name = Debug;
		};
		418A6B6B28645D92002EA74F /* Release */ = {
			isa = XCBuildConfiguration;
			buildSettings = {
				ALWAYS_SEARCH_USER_PATHS = NO;
				CLANG_ANALYZER_NONNULL = YES;
				CLANG_ANALYZER_NUMBER_OBJECT_CONVERSION = YES_AGGRESSIVE;
				CLANG_CXX_LANGUAGE_STANDARD = "gnu++17";
				CLANG_ENABLE_MODULES = YES;
				CLANG_ENABLE_OBJC_ARC = YES;
				CLANG_ENABLE_OBJC_WEAK = YES;
				CLANG_WARN_BLOCK_CAPTURE_AUTORELEASING = YES;
				CLANG_WARN_BOOL_CONVERSION = YES;
				CLANG_WARN_COMMA = YES;
				CLANG_WARN_CONSTANT_CONVERSION = YES;
				CLANG_WARN_DEPRECATED_OBJC_IMPLEMENTATIONS = YES;
				CLANG_WARN_DIRECT_OBJC_ISA_USAGE = YES_ERROR;
				CLANG_WARN_DOCUMENTATION_COMMENTS = YES;
				CLANG_WARN_EMPTY_BODY = YES;
				CLANG_WARN_ENUM_CONVERSION = YES;
				CLANG_WARN_INFINITE_RECURSION = YES;
				CLANG_WARN_INT_CONVERSION = YES;
				CLANG_WARN_NON_LITERAL_NULL_CONVERSION = YES;
				CLANG_WARN_OBJC_IMPLICIT_RETAIN_SELF = YES;
				CLANG_WARN_OBJC_LITERAL_CONVERSION = YES;
				CLANG_WARN_OBJC_ROOT_CLASS = YES_ERROR;
				CLANG_WARN_QUOTED_INCLUDE_IN_FRAMEWORK_HEADER = YES;
				CLANG_WARN_RANGE_LOOP_ANALYSIS = YES;
				CLANG_WARN_STRICT_PROTOTYPES = YES;
				CLANG_WARN_SUSPICIOUS_MOVE = YES;
				CLANG_WARN_UNGUARDED_AVAILABILITY = YES_AGGRESSIVE;
				CLANG_WARN_UNREACHABLE_CODE = YES;
				CLANG_WARN__DUPLICATE_METHOD_MATCH = YES;
				COPY_PHASE_STRIP = NO;
				DEBUG_INFORMATION_FORMAT = "dwarf-with-dsym";
				ENABLE_NS_ASSERTIONS = NO;
				ENABLE_STRICT_OBJC_MSGSEND = YES;
				GCC_C_LANGUAGE_STANDARD = gnu11;
				GCC_NO_COMMON_BLOCKS = YES;
				GCC_WARN_64_TO_32_BIT_CONVERSION = YES;
				GCC_WARN_ABOUT_RETURN_TYPE = YES_ERROR;
				GCC_WARN_UNDECLARED_SELECTOR = YES;
				GCC_WARN_UNINITIALIZED_AUTOS = YES_AGGRESSIVE;
				GCC_WARN_UNUSED_FUNCTION = YES;
				GCC_WARN_UNUSED_VARIABLE = YES;
				IPHONEOS_DEPLOYMENT_TARGET = 15.5;
				MTL_ENABLE_DEBUG_INFO = NO;
				MTL_FAST_MATH = YES;
				SDKROOT = iphoneos;
				SWIFT_COMPILATION_MODE = wholemodule;
				SWIFT_OPTIMIZATION_LEVEL = "-O";
				VALIDATE_PRODUCT = YES;
			};
			name = Release;
		};
		418A6B6D28645D92002EA74F /* Debug */ = {
			isa = XCBuildConfiguration;
			buildSettings = {
				ASSETCATALOG_COMPILER_APPICON_NAME = AppIcon;
				ASSETCATALOG_COMPILER_GLOBAL_ACCENT_COLOR_NAME = AccentColor;
				CODE_SIGN_STYLE = Automatic;
				CURRENT_PROJECT_VERSION = 1;
				DEVELOPMENT_TEAM = GU4WSYSAM9;
				GENERATE_INFOPLIST_FILE = YES;
				INFOPLIST_FILE = sentiTable/Info.plist;
				INFOPLIST_KEY_UIApplicationSupportsIndirectInputEvents = YES;
				INFOPLIST_KEY_UILaunchStoryboardName = LaunchScreen;
				INFOPLIST_KEY_UIMainStoryboardFile = Main;
				INFOPLIST_KEY_UISupportedInterfaceOrientations_iPad = "UIInterfaceOrientationPortrait UIInterfaceOrientationPortraitUpsideDown UIInterfaceOrientationLandscapeLeft UIInterfaceOrientationLandscapeRight";
				INFOPLIST_KEY_UISupportedInterfaceOrientations_iPhone = "UIInterfaceOrientationPortrait UIInterfaceOrientationLandscapeLeft UIInterfaceOrientationLandscapeRight";
				LD_RUNPATH_SEARCH_PATHS = (
					"$(inherited)",
					"@executable_path/Frameworks",
				);
				MARKETING_VERSION = 1.0;
				PRODUCT_BUNDLE_IDENTIFIER = com.jueun.sentiTable;
				PRODUCT_NAME = "$(TARGET_NAME)";
				SWIFT_EMIT_LOC_STRINGS = YES;
				SWIFT_VERSION = 5.0;
				TARGETED_DEVICE_FAMILY = "1,2";
			};
			name = Debug;
		};
		418A6B6E28645D92002EA74F /* Release */ = {
			isa = XCBuildConfiguration;
			buildSettings = {
				ASSETCATALOG_COMPILER_APPICON_NAME = AppIcon;
				ASSETCATALOG_COMPILER_GLOBAL_ACCENT_COLOR_NAME = AccentColor;
				CODE_SIGN_STYLE = Automatic;
				CURRENT_PROJECT_VERSION = 1;
				DEVELOPMENT_TEAM = GU4WSYSAM9;
				GENERATE_INFOPLIST_FILE = YES;
				INFOPLIST_FILE = sentiTable/Info.plist;
				INFOPLIST_KEY_UIApplicationSupportsIndirectInputEvents = YES;
				INFOPLIST_KEY_UILaunchStoryboardName = LaunchScreen;
				INFOPLIST_KEY_UIMainStoryboardFile = Main;
				INFOPLIST_KEY_UISupportedInterfaceOrientations_iPad = "UIInterfaceOrientationPortrait UIInterfaceOrientationPortraitUpsideDown UIInterfaceOrientationLandscapeLeft UIInterfaceOrientationLandscapeRight";
				INFOPLIST_KEY_UISupportedInterfaceOrientations_iPhone = "UIInterfaceOrientationPortrait UIInterfaceOrientationLandscapeLeft UIInterfaceOrientationLandscapeRight";
				LD_RUNPATH_SEARCH_PATHS = (
					"$(inherited)",
					"@executable_path/Frameworks",
				);
				MARKETING_VERSION = 1.0;
				PRODUCT_BUNDLE_IDENTIFIER = com.jueun.sentiTable;
				PRODUCT_NAME = "$(TARGET_NAME)";
				SWIFT_EMIT_LOC_STRINGS = YES;
				SWIFT_VERSION = 5.0;
				TARGETED_DEVICE_FAMILY = "1,2";
			};
			name = Release;
		};
		418A6B7028645D92002EA74F /* Debug */ = {
			isa = XCBuildConfiguration;
			buildSettings = {
				ALWAYS_EMBED_SWIFT_STANDARD_LIBRARIES = YES;
				BUNDLE_LOADER = "$(TEST_HOST)";
				CODE_SIGN_STYLE = Automatic;
				CURRENT_PROJECT_VERSION = 1;
				DEVELOPMENT_TEAM = GU4WSYSAM9;
				GENERATE_INFOPLIST_FILE = YES;
				IPHONEOS_DEPLOYMENT_TARGET = 15.5;
				MARKETING_VERSION = 1.0;
				PRODUCT_BUNDLE_IDENTIFIER = com.jueun.sentiTableTests;
				PRODUCT_NAME = "$(TARGET_NAME)";
				SWIFT_EMIT_LOC_STRINGS = NO;
				SWIFT_VERSION = 5.0;
				TARGETED_DEVICE_FAMILY = "1,2";
				TEST_HOST = "$(BUILT_PRODUCTS_DIR)/sentiTable.app/sentiTable";
			};
			name = Debug;
		};
		418A6B7128645D92002EA74F /* Release */ = {
			isa = XCBuildConfiguration;
			buildSettings = {
				ALWAYS_EMBED_SWIFT_STANDARD_LIBRARIES = YES;
				BUNDLE_LOADER = "$(TEST_HOST)";
				CODE_SIGN_STYLE = Automatic;
				CURRENT_PROJECT_VERSION = 1;
				DEVELOPMENT_TEAM = GU4WSYSAM9;
				GENERATE_INFOPLIST_FILE = YES;
				IPHONEOS_DEPLOYMENT_TARGET = 15.5;
				MARKETING_VERSION = 1.0;
				PRODUCT_BUNDLE_IDENTIFIER = com.jueun.sentiTableTests;
				PRODUCT_NAME = "$(TARGET_NAME)";
				SWIFT_EMIT_LOC_STRINGS = NO;
				SWIFT_VERSION = 5.0;
				TARGETED_DEVICE_FAMILY = "1,2";
				TEST_HOST = "$(BUILT_PRODUCTS_DIR)/sentiTable.app/sentiTable";
			};
			name = Release;
		};
		418A6B7328645D92002EA74F /* Debug */ = {
			isa = XCBuildConfiguration;
			buildSettings = {
				ALWAYS_EMBED_SWIFT_STANDARD_LIBRARIES = YES;
				CODE_SIGN_STYLE = Automatic;
				CURRENT_PROJECT_VERSION = 1;
				DEVELOPMENT_TEAM = GU4WSYSAM9;
				GENERATE_INFOPLIST_FILE = YES;
				MARKETING_VERSION = 1.0;
				PRODUCT_BUNDLE_IDENTIFIER = com.jueun.sentiTableUITests;
				PRODUCT_NAME = "$(TARGET_NAME)";
				SWIFT_EMIT_LOC_STRINGS = NO;
				SWIFT_VERSION = 5.0;
				TARGETED_DEVICE_FAMILY = "1,2";
				TEST_TARGET_NAME = sentiTable;
			};
			name = Debug;
		};
		418A6B7428645D92002EA74F /* Release */ = {
			isa = XCBuildConfiguration;
			buildSettings = {
				ALWAYS_EMBED_SWIFT_STANDARD_LIBRARIES = YES;
				CODE_SIGN_STYLE = Automatic;
				CURRENT_PROJECT_VERSION = 1;
				DEVELOPMENT_TEAM = GU4WSYSAM9;
				GENERATE_INFOPLIST_FILE = YES;
				MARKETING_VERSION = 1.0;
				PRODUCT_BUNDLE_IDENTIFIER = com.jueun.sentiTableUITests;
				PRODUCT_NAME = "$(TARGET_NAME)";
				SWIFT_EMIT_LOC_STRINGS = NO;
				SWIFT_VERSION = 5.0;
				TARGETED_DEVICE_FAMILY = "1,2";
				TEST_TARGET_NAME = sentiTable;
			};
			name = Release;
		};
/* End XCBuildConfiguration section */

/* Begin XCConfigurationList section */
		418A6B3A28645D90002EA74F /* Build configuration list for PBXProject "sentiTable" */ = {
			isa = XCConfigurationList;
			buildConfigurations = (
				418A6B6A28645D92002EA74F /* Debug */,
				418A6B6B28645D92002EA74F /* Release */,
			);
			defaultConfigurationIsVisible = 0;
			defaultConfigurationName = Release;
		};
		418A6B6C28645D92002EA74F /* Build configuration list for PBXNativeTarget "sentiTable" */ = {
			isa = XCConfigurationList;
			buildConfigurations = (
				418A6B6D28645D92002EA74F /* Debug */,
				418A6B6E28645D92002EA74F /* Release */,
			);
			defaultConfigurationIsVisible = 0;
			defaultConfigurationName = Release;
		};
		418A6B6F28645D92002EA74F /* Build configuration list for PBXNativeTarget "sentiTableTests" */ = {
			isa = XCConfigurationList;
			buildConfigurations = (
				418A6B7028645D92002EA74F /* Debug */,
				418A6B7128645D92002EA74F /* Release */,
			);
			defaultConfigurationIsVisible = 0;
			defaultConfigurationName = Release;
		};
		418A6B7228645D92002EA74F /* Build configuration list for PBXNativeTarget "sentiTableUITests" */ = {
			isa = XCConfigurationList;
			buildConfigurations = (
				418A6B7328645D92002EA74F /* Debug */,
				418A6B7428645D92002EA74F /* Release */,
			);
			defaultConfigurationIsVisible = 0;
			defaultConfigurationName = Release;
		};
/* End XCConfigurationList section */

/* Begin XCVersionGroup section */
		418A6B4B28645D90002EA74F /* sentiTable.xcdatamodeld */ = {
			isa = XCVersionGroup;
			children = (
				418A6B4C28645D90002EA74F /* sentiTable.xcdatamodel */,
			);
			currentVersion = 418A6B4C28645D90002EA74F /* sentiTable.xcdatamodel */;
			path = sentiTable.xcdatamodeld;
			sourceTree = "<group>";
			versionGroupType = wrapper.xcdatamodel;
		};
/* End XCVersionGroup section */
	};
	rootObject = 418A6B3728645D90002EA74F /* Project object */;
}
