// !$*UTF8*$!
{
	archiveVersion = 1;
	classes = {
	};
	objectVersion = 55;
	objects = {

/* Begin PBXBuildFile section */
		417B7C422786D78200A108AB /* Tests_iOS.swift in Sources */ = {isa = PBXBuildFile; fileRef = 417B7C412786D78200A108AB /* Tests_iOS.swift */; };
		417B7C442786D78200A108AB /* Tests_iOSLaunchTests.swift in Sources */ = {isa = PBXBuildFile; fileRef = 417B7C432786D78200A108AB /* Tests_iOSLaunchTests.swift */; };
		417B7C4E2786D78200A108AB /* Tests_macOS.swift in Sources */ = {isa = PBXBuildFile; fileRef = 417B7C4D2786D78200A108AB /* Tests_macOS.swift */; };
		417B7C502786D78200A108AB /* Tests_macOSLaunchTests.swift in Sources */ = {isa = PBXBuildFile; fileRef = 417B7C4F2786D78200A108AB /* Tests_macOSLaunchTests.swift */; };
		417B7C512786D78200A108AB /* List_Sort_ExampleApp.swift in Sources */ = {isa = PBXBuildFile; fileRef = 417B7C292786D78000A108AB /* List_Sort_ExampleApp.swift */; };
		417B7C522786D78200A108AB /* List_Sort_ExampleApp.swift in Sources */ = {isa = PBXBuildFile; fileRef = 417B7C292786D78000A108AB /* List_Sort_ExampleApp.swift */; };
		417B7C532786D78200A108AB /* ContentView.swift in Sources */ = {isa = PBXBuildFile; fileRef = 417B7C2A2786D78000A108AB /* ContentView.swift */; };
		417B7C542786D78200A108AB /* ContentView.swift in Sources */ = {isa = PBXBuildFile; fileRef = 417B7C2A2786D78000A108AB /* ContentView.swift */; };
		417B7C552786D78200A108AB /* Assets.xcassets in Resources */ = {isa = PBXBuildFile; fileRef = 417B7C2B2786D78200A108AB /* Assets.xcassets */; };
		417B7C562786D78200A108AB /* Assets.xcassets in Resources */ = {isa = PBXBuildFile; fileRef = 417B7C2B2786D78200A108AB /* Assets.xcassets */; };
		417B7C672786DD3200A108AB /* ContentView.swift in Sources */ = {isa = PBXBuildFile; fileRef = 417B7C2A2786D78000A108AB /* ContentView.swift */; };
/* End PBXBuildFile section */

/* Begin PBXContainerItemProxy section */
		417B7C3E2786D78200A108AB /* PBXContainerItemProxy */ = {
			isa = PBXContainerItemProxy;
			containerPortal = 417B7C242786D78000A108AB /* Project object */;
			proxyType = 1;
			remoteGlobalIDString = 417B7C2F2786D78200A108AB;
			remoteInfo = "List_Sort_Example (iOS)";
		};
		417B7C4A2786D78200A108AB /* PBXContainerItemProxy */ = {
			isa = PBXContainerItemProxy;
			containerPortal = 417B7C242786D78000A108AB /* Project object */;
			proxyType = 1;
			remoteGlobalIDString = 417B7C352786D78200A108AB;
			remoteInfo = "List_Sort_Example (macOS)";
		};
/* End PBXContainerItemProxy section */

/* Begin PBXFileReference section */
		417B7C292786D78000A108AB /* List_Sort_ExampleApp.swift */ = {isa = PBXFileReference; lastKnownFileType = sourcecode.swift; path = List_Sort_ExampleApp.swift; sourceTree = "<group>"; };
		417B7C2A2786D78000A108AB /* ContentView.swift */ = {isa = PBXFileReference; lastKnownFileType = sourcecode.swift; path = ContentView.swift; sourceTree = "<group>"; };
		417B7C2B2786D78200A108AB /* Assets.xcassets */ = {isa = PBXFileReference; lastKnownFileType = folder.assetcatalog; path = Assets.xcassets; sourceTree = "<group>"; };
		417B7C302786D78200A108AB /* List_Sort_Example.app */ = {isa = PBXFileReference; explicitFileType = wrapper.application; includeInIndex = 0; path = List_Sort_Example.app; sourceTree = BUILT_PRODUCTS_DIR; };
		417B7C362786D78200A108AB /* List_Sort_Example.app */ = {isa = PBXFileReference; explicitFileType = wrapper.application; includeInIndex = 0; path = List_Sort_Example.app; sourceTree = BUILT_PRODUCTS_DIR; };
		417B7C382786D78200A108AB /* macOS.entitlements */ = {isa = PBXFileReference; lastKnownFileType = text.plist.entitlements; path = macOS.entitlements; sourceTree = "<group>"; };
		417B7C3D2786D78200A108AB /* Tests iOS.xctest */ = {isa = PBXFileReference; explicitFileType = wrapper.cfbundle; includeInIndex = 0; path = "Tests iOS.xctest"; sourceTree = BUILT_PRODUCTS_DIR; };
		417B7C412786D78200A108AB /* Tests_iOS.swift */ = {isa = PBXFileReference; lastKnownFileType = sourcecode.swift; path = Tests_iOS.swift; sourceTree = "<group>"; };
		417B7C432786D78200A108AB /* Tests_iOSLaunchTests.swift */ = {isa = PBXFileReference; lastKnownFileType = sourcecode.swift; path = Tests_iOSLaunchTests.swift; sourceTree = "<group>"; };
		417B7C492786D78200A108AB /* Tests macOS.xctest */ = {isa = PBXFileReference; explicitFileType = wrapper.cfbundle; includeInIndex = 0; path = "Tests macOS.xctest"; sourceTree = BUILT_PRODUCTS_DIR; };
		417B7C4D2786D78200A108AB /* Tests_macOS.swift */ = {isa = PBXFileReference; lastKnownFileType = sourcecode.swift; path = Tests_macOS.swift; sourceTree = "<group>"; };
		417B7C4F2786D78200A108AB /* Tests_macOSLaunchTests.swift */ = {isa = PBXFileReference; lastKnownFileType = sourcecode.swift; path = Tests_macOSLaunchTests.swift; sourceTree = "<group>"; };
/* End PBXFileReference section */

/* Begin PBXFrameworksBuildPhase section */
		417B7C2D2786D78200A108AB /* Frameworks */ = {
			isa = PBXFrameworksBuildPhase;
			buildActionMask = 2147483647;
			files = (
			);
			runOnlyForDeploymentPostprocessing = 0;
		};
		417B7C332786D78200A108AB /* Frameworks */ = {
			isa = PBXFrameworksBuildPhase;
			buildActionMask = 2147483647;
			files = (
			);
			runOnlyForDeploymentPostprocessing = 0;
		};
		417B7C3A2786D78200A108AB /* Frameworks */ = {
			isa = PBXFrameworksBuildPhase;
			buildActionMask = 2147483647;
			files = (
			);
			runOnlyForDeploymentPostprocessing = 0;
		};
		417B7C462786D78200A108AB /* Frameworks */ = {
			isa = PBXFrameworksBuildPhase;
			buildActionMask = 2147483647;
			files = (
			);
			runOnlyForDeploymentPostprocessing = 0;
		};
/* End PBXFrameworksBuildPhase section */

/* Begin PBXGroup section */
		417B7C232786D78000A108AB = {
			isa = PBXGroup;
			children = (
				417B7C282786D78000A108AB /* Shared */,
				417B7C372786D78200A108AB /* macOS */,
				417B7C402786D78200A108AB /* Tests iOS */,
				417B7C4C2786D78200A108AB /* Tests macOS */,
				417B7C312786D78200A108AB /* Products */,
			);
			sourceTree = "<group>";
		};
		417B7C282786D78000A108AB /* Shared */ = {
			isa = PBXGroup;
			children = (
				417B7C292786D78000A108AB /* List_Sort_ExampleApp.swift */,
				417B7C2A2786D78000A108AB /* ContentView.swift */,
				417B7C2B2786D78200A108AB /* Assets.xcassets */,
			);
			path = Shared;
			sourceTree = "<group>";
		};
		417B7C312786D78200A108AB /* Products */ = {
			isa = PBXGroup;
			children = (
				417B7C302786D78200A108AB /* List_Sort_Example.app */,
				417B7C362786D78200A108AB /* List_Sort_Example.app */,
				417B7C3D2786D78200A108AB /* Tests iOS.xctest */,
				417B7C492786D78200A108AB /* Tests macOS.xctest */,
			);
			name = Products;
			sourceTree = "<group>";
		};
		417B7C372786D78200A108AB /* macOS */ = {
			isa = PBXGroup;
			children = (
				417B7C382786D78200A108AB /* macOS.entitlements */,
			);
			path = macOS;
			sourceTree = "<group>";
		};
		417B7C402786D78200A108AB /* Tests iOS */ = {
			isa = PBXGroup;
			children = (
				417B7C412786D78200A108AB /* Tests_iOS.swift */,
				417B7C432786D78200A108AB /* Tests_iOSLaunchTests.swift */,
			);
			path = "Tests iOS";
			sourceTree = "<group>";
		};
		417B7C4C2786D78200A108AB /* Tests macOS */ = {
			isa = PBXGroup;
			children = (
				417B7C4D2786D78200A108AB /* Tests_macOS.swift */,
				417B7C4F2786D78200A108AB /* Tests_macOSLaunchTests.swift */,
			);
			path = "Tests macOS";
			sourceTree = "<group>";
		};
/* End PBXGroup section */

/* Begin PBXNativeTarget section */
		417B7C2F2786D78200A108AB /* List_Sort_Example (iOS) */ = {
			isa = PBXNativeTarget;
			buildConfigurationList = 417B7C592786D78200A108AB /* Build configuration list for PBXNativeTarget "List_Sort_Example (iOS)" */;
			buildPhases = (
				417B7C2C2786D78200A108AB /* Sources */,
				417B7C2D2786D78200A108AB /* Frameworks */,
				417B7C2E2786D78200A108AB /* Resources */,
			);
			buildRules = (
			);
			dependencies = (
			);
			name = "List_Sort_Example (iOS)";
			productName = "List_Sort_Example (iOS)";
			productReference = 417B7C302786D78200A108AB /* List_Sort_Example.app */;
			productType = "com.apple.product-type.application";
		};
		417B7C352786D78200A108AB /* List_Sort_Example (macOS) */ = {
			isa = PBXNativeTarget;
			buildConfigurationList = 417B7C5C2786D78200A108AB /* Build configuration list for PBXNativeTarget "List_Sort_Example (macOS)" */;
			buildPhases = (
				417B7C322786D78200A108AB /* Sources */,
				417B7C332786D78200A108AB /* Frameworks */,
				417B7C342786D78200A108AB /* Resources */,
			);
			buildRules = (
			);
			dependencies = (
			);
			name = "List_Sort_Example (macOS)";
			productName = "List_Sort_Example (macOS)";
			productReference = 417B7C362786D78200A108AB /* List_Sort_Example.app */;
			productType = "com.apple.product-type.application";
		};
		417B7C3C2786D78200A108AB /* Tests iOS */ = {
			isa = PBXNativeTarget;
			buildConfigurationList = 417B7C5F2786D78200A108AB /* Build configuration list for PBXNativeTarget "Tests iOS" */;
			buildPhases = (
				417B7C392786D78200A108AB /* Sources */,
				417B7C3A2786D78200A108AB /* Frameworks */,
				417B7C3B2786D78200A108AB /* Resources */,
			);
			buildRules = (
			);
			dependencies = (
				417B7C3F2786D78200A108AB /* PBXTargetDependency */,
			);
			name = "Tests iOS";
			productName = "Tests iOS";
			productReference = 417B7C3D2786D78200A108AB /* Tests iOS.xctest */;
			productType = "com.apple.product-type.bundle.ui-testing";
		};
		417B7C482786D78200A108AB /* Tests macOS */ = {
			isa = PBXNativeTarget;
			buildConfigurationList = 417B7C622786D78200A108AB /* Build configuration list for PBXNativeTarget "Tests macOS" */;
			buildPhases = (
				417B7C452786D78200A108AB /* Sources */,
				417B7C462786D78200A108AB /* Frameworks */,
				417B7C472786D78200A108AB /* Resources */,
			);
			buildRules = (
			);
			dependencies = (
				417B7C4B2786D78200A108AB /* PBXTargetDependency */,
			);
			name = "Tests macOS";
			productName = "Tests macOS";
			productReference = 417B7C492786D78200A108AB /* Tests macOS.xctest */;
			productType = "com.apple.product-type.bundle.ui-testing";
		};
/* End PBXNativeTarget section */

/* Begin PBXProject section */
		417B7C242786D78000A108AB /* Project object */ = {
			isa = PBXProject;
			attributes = {
				BuildIndependentTargetsInParallel = 1;
				LastSwiftUpdateCheck = 1320;
				LastUpgradeCheck = 1320;
				TargetAttributes = {
					417B7C2F2786D78200A108AB = {
						CreatedOnToolsVersion = 13.2.1;
					};
					417B7C352786D78200A108AB = {
						CreatedOnToolsVersion = 13.2.1;
					};
					417B7C3C2786D78200A108AB = {
						CreatedOnToolsVersion = 13.2.1;
						TestTargetID = 417B7C2F2786D78200A108AB;
					};
					417B7C482786D78200A108AB = {
						CreatedOnToolsVersion = 13.2.1;
						TestTargetID = 417B7C352786D78200A108AB;
					};
				};
			};
			buildConfigurationList = 417B7C272786D78000A108AB /* Build configuration list for PBXProject "List_Sort_Example" */;
			compatibilityVersion = "Xcode 13.0";
			developmentRegion = en;
			hasScannedForEncodings = 0;
			knownRegions = (
				en,
				Base,
			);
			mainGroup = 417B7C232786D78000A108AB;
			productRefGroup = 417B7C312786D78200A108AB /* Products */;
			projectDirPath = "";
			projectRoot = "";
			targets = (
				417B7C2F2786D78200A108AB /* List_Sort_Example (iOS) */,
				417B7C352786D78200A108AB /* List_Sort_Example (macOS) */,
				417B7C3C2786D78200A108AB /* Tests iOS */,
				417B7C482786D78200A108AB /* Tests macOS */,
			);
		};
/* End PBXProject section */

/* Begin PBXResourcesBuildPhase section */
		417B7C2E2786D78200A108AB /* Resources */ = {
			isa = PBXResourcesBuildPhase;
			buildActionMask = 2147483647;
			files = (
				417B7C552786D78200A108AB /* Assets.xcassets in Resources */,
			);
			runOnlyForDeploymentPostprocessing = 0;
		};
		417B7C342786D78200A108AB /* Resources */ = {
			isa = PBXResourcesBuildPhase;
			buildActionMask = 2147483647;
			files = (
				417B7C562786D78200A108AB /* Assets.xcassets in Resources */,
			);
			runOnlyForDeploymentPostprocessing = 0;
		};
		417B7C3B2786D78200A108AB /* Resources */ = {
			isa = PBXResourcesBuildPhase;
			buildActionMask = 2147483647;
			files = (
			);
			runOnlyForDeploymentPostprocessing = 0;
		};
		417B7C472786D78200A108AB /* Resources */ = {
			isa = PBXResourcesBuildPhase;
			buildActionMask = 2147483647;
			files = (
			);
			runOnlyForDeploymentPostprocessing = 0;
		};
/* End PBXResourcesBuildPhase section */

/* Begin PBXSourcesBuildPhase section */
		417B7C2C2786D78200A108AB /* Sources */ = {
			isa = PBXSourcesBuildPhase;
			buildActionMask = 2147483647;
			files = (
				417B7C532786D78200A108AB /* ContentView.swift in Sources */,
				417B7C512786D78200A108AB /* List_Sort_ExampleApp.swift in Sources */,
			);
			runOnlyForDeploymentPostprocessing = 0;
		};
		417B7C322786D78200A108AB /* Sources */ = {
			isa = PBXSourcesBuildPhase;
			buildActionMask = 2147483647;
			files = (
				417B7C542786D78200A108AB /* ContentView.swift in Sources */,
				417B7C522786D78200A108AB /* List_Sort_ExampleApp.swift in Sources */,
			);
			runOnlyForDeploymentPostprocessing = 0;
		};
		417B7C392786D78200A108AB /* Sources */ = {
			isa = PBXSourcesBuildPhase;
			buildActionMask = 2147483647;
			files = (
				417B7C442786D78200A108AB /* Tests_iOSLaunchTests.swift in Sources */,
				417B7C422786D78200A108AB /* Tests_iOS.swift in Sources */,
				417B7C672786DD3200A108AB /* ContentView.swift in Sources */,
			);
			runOnlyForDeploymentPostprocessing = 0;
		};
		417B7C452786D78200A108AB /* Sources */ = {
			isa = PBXSourcesBuildPhase;
			buildActionMask = 2147483647;
			files = (
				417B7C502786D78200A108AB /* Tests_macOSLaunchTests.swift in Sources */,
				417B7C4E2786D78200A108AB /* Tests_macOS.swift in Sources */,
			);
			runOnlyForDeploymentPostprocessing = 0;
		};
/* End PBXSourcesBuildPhase section */

/* Begin PBXTargetDependency section */
		417B7C3F2786D78200A108AB /* PBXTargetDependency */ = {
			isa = PBXTargetDependency;
			target = 417B7C2F2786D78200A108AB /* List_Sort_Example (iOS) */;
			targetProxy = 417B7C3E2786D78200A108AB /* PBXContainerItemProxy */;
		};
		417B7C4B2786D78200A108AB /* PBXTargetDependency */ = {
			isa = PBXTargetDependency;
			target = 417B7C352786D78200A108AB /* List_Sort_Example (macOS) */;
			targetProxy = 417B7C4A2786D78200A108AB /* PBXContainerItemProxy */;
		};
/* End PBXTargetDependency section */

/* Begin XCBuildConfiguration section */
		417B7C572786D78200A108AB /* Debug */ = {
			isa = XCBuildConfiguration;
			buildSettings = {
				ALWAYS_SEARCH_USER_PATHS = NO;
				CLANG_ANALYZER_NONNULL = YES;
				CLANG_ANALYZER_NUMBER_OBJECT_CONVERSION = YES_AGGRESSIVE;
				CLANG_CXX_LANGUAGE_STANDARD = "gnu++17";
				CLANG_CXX_LIBRARY = "libc++";
				CLANG_ENABLE_MODULES = YES;
				CLANG_ENABLE_OBJC_ARC = YES;
				CLANG_ENABLE_OBJC_WEAK = YES;
				CLANG_WARN_BLOCK_CAPTURE_AUTORELEASING = YES;
				CLANG_WARN_BOOL_CONVERSION = YES;
				CLANG_WARN_COMMA = YES;
				CLANG_WARN_CONSTANT_CONVERSION = YES;
				CLANG_WARN_DEPRECATED_OBJC_IMPLEMENTATIONS = YES;
				CLANG_WARN_DIRECT_OBJC_ISA_USAGE = YES_ERROR;
				CLANG_WARN_DOCUMENTATION_COMMENTS = YES;
				CLANG_WARN_EMPTY_BODY = YES;
				CLANG_WARN_ENUM_CONVERSION = YES;
				CLANG_WARN_INFINITE_RECURSION = YES;
				CLANG_WARN_INT_CONVERSION = YES;
				CLANG_WARN_NON_LITERAL_NULL_CONVERSION = YES;
				CLANG_WARN_OBJC_IMPLICIT_RETAIN_SELF = YES;
				CLANG_WARN_OBJC_LITERAL_CONVERSION = YES;
				CLANG_WARN_OBJC_ROOT_CLASS = YES_ERROR;
				CLANG_WARN_QUOTED_INCLUDE_IN_FRAMEWORK_HEADER = YES;
				CLANG_WARN_RANGE_LOOP_ANALYSIS = YES;
				CLANG_WARN_STRICT_PROTOTYPES = YES;
				CLANG_WARN_SUSPICIOUS_MOVE = YES;
				CLANG_WARN_UNGUARDED_AVAILABILITY = YES_AGGRESSIVE;
				CLANG_WARN_UNREACHABLE_CODE = YES;
				CLANG_WARN__DUPLICATE_METHOD_MATCH = YES;
				COPY_PHASE_STRIP = NO;
				DEBUG_INFORMATION_FORMAT = dwarf;
				ENABLE_STRICT_OBJC_MSGSEND = YES;
				ENABLE_TESTABILITY = YES;
				GCC_C_LANGUAGE_STANDARD = gnu11;
				GCC_DYNAMIC_NO_PIC = NO;
				GCC_NO_COMMON_BLOCKS = YES;
				GCC_OPTIMIZATION_LEVEL = 0;
				GCC_PREPROCESSOR_DEFINITIONS = (
					"DEBUG=1",
					"$(inherited)",
				);
				GCC_WARN_64_TO_32_BIT_CONVERSION = YES;
				GCC_WARN_ABOUT_RETURN_TYPE = YES_ERROR;
				GCC_WARN_UNDECLARED_SELECTOR = YES;
				GCC_WARN_UNINITIALIZED_AUTOS = YES_AGGRESSIVE;
				GCC_WARN_UNUSED_FUNCTION = YES;
				GCC_WARN_UNUSED_VARIABLE = YES;
				MTL_ENABLE_DEBUG_INFO = INCLUDE_SOURCE;
				MTL_FAST_MATH = YES;
				ONLY_ACTIVE_ARCH = YES;
				SWIFT_ACTIVE_COMPILATION_CONDITIONS = DEBUG;
				SWIFT_OPTIMIZATION_LEVEL = "-Onone";
			};
			name = Debug;
		};
		417B7C582786D78200A108AB /* Release */ = {
			isa = XCBuildConfiguration;
			buildSettings = {
				ALWAYS_SEARCH_USER_PATHS = NO;
				CLANG_ANALYZER_NONNULL = YES;
				CLANG_ANALYZER_NUMBER_OBJECT_CONVERSION = YES_AGGRESSIVE;
				CLANG_CXX_LANGUAGE_STANDARD = "gnu++17";
				CLANG_CXX_LIBRARY = "libc++";
				CLANG_ENABLE_MODULES = YES;
				CLANG_ENABLE_OBJC_ARC = YES;
				CLANG_ENABLE_OBJC_WEAK = YES;
				CLANG_WARN_BLOCK_CAPTURE_AUTORELEASING = YES;
				CLANG_WARN_BOOL_CONVERSION = YES;
				CLANG_WARN_COMMA = YES;
				CLANG_WARN_CONSTANT_CONVERSION = YES;
				CLANG_WARN_DEPRECATED_OBJC_IMPLEMENTATIONS = YES;
				CLANG_WARN_DIRECT_OBJC_ISA_USAGE = YES_ERROR;
				CLANG_WARN_DOCUMENTATION_COMMENTS = YES;
				CLANG_WARN_EMPTY_BODY = YES;
				CLANG_WARN_ENUM_CONVERSION = YES;
				CLANG_WARN_INFINITE_RECURSION = YES;
				CLANG_WARN_INT_CONVERSION = YES;
				CLANG_WARN_NON_LITERAL_NULL_CONVERSION = YES;
				CLANG_WARN_OBJC_IMPLICIT_RETAIN_SELF = YES;
				CLANG_WARN_OBJC_LITERAL_CONVERSION = YES;
				CLANG_WARN_OBJC_ROOT_CLASS = YES_ERROR;
				CLANG_WARN_QUOTED_INCLUDE_IN_FRAMEWORK_HEADER = YES;
				CLANG_WARN_RANGE_LOOP_ANALYSIS = YES;
				CLANG_WARN_STRICT_PROTOTYPES = YES;
				CLANG_WARN_SUSPICIOUS_MOVE = YES;
				CLANG_WARN_UNGUARDED_AVAILABILITY = YES_AGGRESSIVE;
				CLANG_WARN_UNREACHABLE_CODE = YES;
				CLANG_WARN__DUPLICATE_METHOD_MATCH = YES;
				COPY_PHASE_STRIP = NO;
				DEBUG_INFORMATION_FORMAT = "dwarf-with-dsym";
				ENABLE_NS_ASSERTIONS = NO;
				ENABLE_STRICT_OBJC_MSGSEND = YES;
				GCC_C_LANGUAGE_STANDARD = gnu11;
				GCC_NO_COMMON_BLOCKS = YES;
				GCC_WARN_64_TO_32_BIT_CONVERSION = YES;
				GCC_WARN_ABOUT_RETURN_TYPE = YES_ERROR;
				GCC_WARN_UNDECLARED_SELECTOR = YES;
				GCC_WARN_UNINITIALIZED_AUTOS = YES_AGGRESSIVE;
				GCC_WARN_UNUSED_FUNCTION = YES;
				GCC_WARN_UNUSED_VARIABLE = YES;
				MTL_ENABLE_DEBUG_INFO = NO;
				MTL_FAST_MATH = YES;
				SWIFT_COMPILATION_MODE = wholemodule;
				SWIFT_OPTIMIZATION_LEVEL = "-O";
			};
			name = Release;
		};
		417B7C5A2786D78200A108AB /* Debug */ = {
			isa = XCBuildConfiguration;
			buildSettings = {
				ASSETCATALOG_COMPILER_APPICON_NAME = AppIcon;
				ASSETCATALOG_COMPILER_GLOBAL_ACCENT_COLOR_NAME = AccentColor;
				CODE_SIGN_STYLE = Automatic;
				CURRENT_PROJECT_VERSION = 1;
				DEVELOPMENT_TEAM = GU4WSYSAM9;
				ENABLE_PREVIEWS = YES;
				GENERATE_INFOPLIST_FILE = YES;
				INFOPLIST_KEY_UIApplicationSceneManifest_Generation = YES;
				INFOPLIST_KEY_UIApplicationSupportsIndirectInputEvents = YES;
				INFOPLIST_KEY_UILaunchScreen_Generation = YES;
				INFOPLIST_KEY_UISupportedInterfaceOrientations_iPad = "UIInterfaceOrientationPortrait UIInterfaceOrientationPortraitUpsideDown UIInterfaceOrientationLandscapeLeft UIInterfaceOrientationLandscapeRight";
				INFOPLIST_KEY_UISupportedInterfaceOrientations_iPhone = "UIInterfaceOrientationPortrait UIInterfaceOrientationLandscapeLeft UIInterfaceOrientationLandscapeRight";
				IPHONEOS_DEPLOYMENT_TARGET = 15.2;
				LD_RUNPATH_SEARCH_PATHS = (
					"$(inherited)",
					"@executable_path/Frameworks",
				);
				MARKETING_VERSION = 1.0;
				PRODUCT_BUNDLE_IDENTIFIER = "com.jucho.List-Sort-Example";
				PRODUCT_NAME = List_Sort_Example;
				SDKROOT = iphoneos;
				SWIFT_EMIT_LOC_STRINGS = YES;
				SWIFT_VERSION = 5.0;
				TARGETED_DEVICE_FAMILY = "1,2";
			};
			name = Debug;
		};
		417B7C5B2786D78200A108AB /* Release */ = {
			isa = XCBuildConfiguration;
			buildSettings = {
				ASSETCATALOG_COMPILER_APPICON_NAME = AppIcon;
				ASSETCATALOG_COMPILER_GLOBAL_ACCENT_COLOR_NAME = AccentColor;
				CODE_SIGN_STYLE = Automatic;
				CURRENT_PROJECT_VERSION = 1;
				DEVELOPMENT_TEAM = GU4WSYSAM9;
				ENABLE_PREVIEWS = YES;
				GENERATE_INFOPLIST_FILE = YES;
				INFOPLIST_KEY_UIApplicationSceneManifest_Generation = YES;
				INFOPLIST_KEY_UIApplicationSupportsIndirectInputEvents = YES;
				INFOPLIST_KEY_UILaunchScreen_Generation = YES;
				INFOPLIST_KEY_UISupportedInterfaceOrientations_iPad = "UIInterfaceOrientationPortrait UIInterfaceOrientationPortraitUpsideDown UIInterfaceOrientationLandscapeLeft UIInterfaceOrientationLandscapeRight";
				INFOPLIST_KEY_UISupportedInterfaceOrientations_iPhone = "UIInterfaceOrientationPortrait UIInterfaceOrientationLandscapeLeft UIInterfaceOrientationLandscapeRight";
				IPHONEOS_DEPLOYMENT_TARGET = 15.2;
				LD_RUNPATH_SEARCH_PATHS = (
					"$(inherited)",
					"@executable_path/Frameworks",
				);
				MARKETING_VERSION = 1.0;
				PRODUCT_BUNDLE_IDENTIFIER = "com.jucho.List-Sort-Example";
				PRODUCT_NAME = List_Sort_Example;
				SDKROOT = iphoneos;
				SWIFT_EMIT_LOC_STRINGS = YES;
				SWIFT_VERSION = 5.0;
				TARGETED_DEVICE_FAMILY = "1,2";
				VALIDATE_PRODUCT = YES;
			};
			name = Release;
		};
		417B7C5D2786D78200A108AB /* Debug */ = {
			isa = XCBuildConfiguration;
			buildSettings = {
				ASSETCATALOG_COMPILER_APPICON_NAME = AppIcon;
				ASSETCATALOG_COMPILER_GLOBAL_ACCENT_COLOR_NAME = AccentColor;
				CODE_SIGN_ENTITLEMENTS = macOS/macOS.entitlements;
				CODE_SIGN_STYLE = Automatic;
				COMBINE_HIDPI_IMAGES = YES;
				CURRENT_PROJECT_VERSION = 1;
				DEVELOPMENT_TEAM = GU4WSYSAM9;
				ENABLE_HARDENED_RUNTIME = YES;
				ENABLE_PREVIEWS = YES;
				GENERATE_INFOPLIST_FILE = YES;
				INFOPLIST_KEY_NSHumanReadableCopyright = "";
				LD_RUNPATH_SEARCH_PATHS = (
					"$(inherited)",
					"@executable_path/../Frameworks",
				);
				MACOSX_DEPLOYMENT_TARGET = 12.1;
				MARKETING_VERSION = 1.0;
				PRODUCT_BUNDLE_IDENTIFIER = "com.jucho.List-Sort-Example";
				PRODUCT_NAME = List_Sort_Example;
				SDKROOT = macosx;
				SWIFT_EMIT_LOC_STRINGS = YES;
				SWIFT_VERSION = 5.0;
			};
			name = Debug;
		};
		417B7C5E2786D78200A108AB /* Release */ = {
			isa = XCBuildConfiguration;
			buildSettings = {
				ASSETCATALOG_COMPILER_APPICON_NAME = AppIcon;
				ASSETCATALOG_COMPILER_GLOBAL_ACCENT_COLOR_NAME = AccentColor;
				CODE_SIGN_ENTITLEMENTS = macOS/macOS.entitlements;
				CODE_SIGN_STYLE = Automatic;
				COMBINE_HIDPI_IMAGES = YES;
				CURRENT_PROJECT_VERSION = 1;
				DEVELOPMENT_TEAM = GU4WSYSAM9;
				ENABLE_HARDENED_RUNTIME = YES;
				ENABLE_PREVIEWS = YES;
				GENERATE_INFOPLIST_FILE = YES;
				INFOPLIST_KEY_NSHumanReadableCopyright = "";
				LD_RUNPATH_SEARCH_PATHS = (
					"$(inherited)",
					"@executable_path/../Frameworks",
				);
				MACOSX_DEPLOYMENT_TARGET = 12.1;
				MARKETING_VERSION = 1.0;
				PRODUCT_BUNDLE_IDENTIFIER = "com.jucho.List-Sort-Example";
				PRODUCT_NAME = List_Sort_Example;
				SDKROOT = macosx;
				SWIFT_EMIT_LOC_STRINGS = YES;
				SWIFT_VERSION = 5.0;
			};
			name = Release;
		};
		417B7C602786D78200A108AB /* Debug */ = {
			isa = XCBuildConfiguration;
			buildSettings = {
				ALWAYS_EMBED_SWIFT_STANDARD_LIBRARIES = YES;
				CODE_SIGN_STYLE = Automatic;
				CURRENT_PROJECT_VERSION = 1;
				DEVELOPMENT_TEAM = GU4WSYSAM9;
				GENERATE_INFOPLIST_FILE = YES;
				IPHONEOS_DEPLOYMENT_TARGET = 15.2;
				MARKETING_VERSION = 1.0;
				PRODUCT_BUNDLE_IDENTIFIER = "com.jucho.Tests-iOS";
				PRODUCT_NAME = "$(TARGET_NAME)";
				SDKROOT = iphoneos;
				SWIFT_EMIT_LOC_STRINGS = NO;
				SWIFT_VERSION = 5.0;
				TARGETED_DEVICE_FAMILY = "1,2";
				TEST_TARGET_NAME = "List_Sort_Example (iOS)";
			};
			name = Debug;
		};
		417B7C612786D78200A108AB /* Release */ = {
			isa = XCBuildConfiguration;
			buildSettings = {
				ALWAYS_EMBED_SWIFT_STANDARD_LIBRARIES = YES;
				CODE_SIGN_STYLE = Automatic;
				CURRENT_PROJECT_VERSION = 1;
				DEVELOPMENT_TEAM = GU4WSYSAM9;
				GENERATE_INFOPLIST_FILE = YES;
				IPHONEOS_DEPLOYMENT_TARGET = 15.2;
				MARKETING_VERSION = 1.0;
				PRODUCT_BUNDLE_IDENTIFIER = "com.jucho.Tests-iOS";
				PRODUCT_NAME = "$(TARGET_NAME)";
				SDKROOT = iphoneos;
				SWIFT_EMIT_LOC_STRINGS = NO;
				SWIFT_VERSION = 5.0;
				TARGETED_DEVICE_FAMILY = "1,2";
				TEST_TARGET_NAME = "List_Sort_Example (iOS)";
				VALIDATE_PRODUCT = YES;
			};
			name = Release;
		};
		417B7C632786D78200A108AB /* Debug */ = {
			isa = XCBuildConfiguration;
			buildSettings = {
				ALWAYS_EMBED_SWIFT_STANDARD_LIBRARIES = YES;
				CODE_SIGN_STYLE = Automatic;
				CURRENT_PROJECT_VERSION = 1;
				DEVELOPMENT_TEAM = GU4WSYSAM9;
				GENERATE_INFOPLIST_FILE = YES;
				MACOSX_DEPLOYMENT_TARGET = 12.1;
				MARKETING_VERSION = 1.0;
				PRODUCT_BUNDLE_IDENTIFIER = "com.jucho.Tests-macOS";
				PRODUCT_NAME = "$(TARGET_NAME)";
				SDKROOT = macosx;
				SWIFT_EMIT_LOC_STRINGS = NO;
				SWIFT_VERSION = 5.0;
				TEST_TARGET_NAME = "List_Sort_Example (macOS)";
			};
			name = Debug;
		};
		417B7C642786D78200A108AB /* Release */ = {
			isa = XCBuildConfiguration;
			buildSettings = {
				ALWAYS_EMBED_SWIFT_STANDARD_LIBRARIES = YES;
				CODE_SIGN_STYLE = Automatic;
				CURRENT_PROJECT_VERSION = 1;
				DEVELOPMENT_TEAM = GU4WSYSAM9;
				GENERATE_INFOPLIST_FILE = YES;
				MACOSX_DEPLOYMENT_TARGET = 12.1;
				MARKETING_VERSION = 1.0;
				PRODUCT_BUNDLE_IDENTIFIER = "com.jucho.Tests-macOS";
				PRODUCT_NAME = "$(TARGET_NAME)";
				SDKROOT = macosx;
				SWIFT_EMIT_LOC_STRINGS = NO;
				SWIFT_VERSION = 5.0;
				TEST_TARGET_NAME = "List_Sort_Example (macOS)";
			};
			name = Release;
		};
/* End XCBuildConfiguration section */

/* Begin XCConfigurationList section */
		417B7C272786D78000A108AB /* Build configuration list for PBXProject "List_Sort_Example" */ = {
			isa = XCConfigurationList;
			buildConfigurations = (
				417B7C572786D78200A108AB /* Debug */,
				417B7C582786D78200A108AB /* Release */,
			);
			defaultConfigurationIsVisible = 0;
			defaultConfigurationName = Release;
		};
		417B7C592786D78200A108AB /* Build configuration list for PBXNativeTarget "List_Sort_Example (iOS)" */ = {
			isa = XCConfigurationList;
			buildConfigurations = (
				417B7C5A2786D78200A108AB /* Debug */,
				417B7C5B2786D78200A108AB /* Release */,
			);
			defaultConfigurationIsVisible = 0;
			defaultConfigurationName = Release;
		};
		417B7C5C2786D78200A108AB /* Build configuration list for PBXNativeTarget "List_Sort_Example (macOS)" */ = {
			isa = XCConfigurationList;
			buildConfigurations = (
				417B7C5D2786D78200A108AB /* Debug */,
				417B7C5E2786D78200A108AB /* Release */,
			);
			defaultConfigurationIsVisible = 0;
			defaultConfigurationName = Release;
		};
		417B7C5F2786D78200A108AB /* Build configuration list for PBXNativeTarget "Tests iOS" */ = {
			isa = XCConfigurationList;
			buildConfigurations = (
				417B7C602786D78200A108AB /* Debug */,
				417B7C612786D78200A108AB /* Release */,
			);
			defaultConfigurationIsVisible = 0;
			defaultConfigurationName = Release;
		};
		417B7C622786D78200A108AB /* Build configuration list for PBXNativeTarget "Tests macOS" */ = {
			isa = XCConfigurationList;
			buildConfigurations = (
				417B7C632786D78200A108AB /* Debug */,
				417B7C642786D78200A108AB /* Release */,
			);
			defaultConfigurationIsVisible = 0;
			defaultConfigurationName = Release;
		};
/* End XCConfigurationList section */
	};
	rootObject = 417B7C242786D78000A108AB /* Project object */;
}
